// !$*UTF8*$!
{
	archiveVersion = 1;
	classes = {
	};
	objectVersion = 56;
	objects = {

/* Begin PBXBuildFile section */
		9231C82A29531438004E3259 /* FriendsApp.swift in Sources */ = {isa = PBXBuildFile; fileRef = 9231C82929531438004E3259 /* FriendsApp.swift */; };
		9231C82C29531438004E3259 /* ListView.swift in Sources */ = {isa = PBXBuildFile; fileRef = 9231C82B29531438004E3259 /* ListView.swift */; };
		9231C82E29531439004E3259 /* Assets.xcassets in Resources */ = {isa = PBXBuildFile; fileRef = 9231C82D29531439004E3259 /* Assets.xcassets */; };
		9231C83129531439004E3259 /* Preview Assets.xcassets in Resources */ = {isa = PBXBuildFile; fileRef = 9231C83029531439004E3259 /* Preview Assets.xcassets */; };
		9231C8382953146B004E3259 /* User.swift in Sources */ = {isa = PBXBuildFile; fileRef = 9231C8372953146B004E3259 /* User.swift */; };
		9231C83A2953147D004E3259 /* Friend.swift in Sources */ = {isa = PBXBuildFile; fileRef = 9231C8392953147D004E3259 /* Friend.swift */; };
		9231C83D29531914004E3259 /* UsersService.swift in Sources */ = {isa = PBXBuildFile; fileRef = 9231C83C29531914004E3259 /* UsersService.swift */; };
		9231C84129534858004E3259 /* DetailsView.swift in Sources */ = {isa = PBXBuildFile; fileRef = 9231C84029534858004E3259 /* DetailsView.swift */; };
		9231C8432953490D004E3259 /* DetailsViewModel.swift in Sources */ = {isa = PBXBuildFile; fileRef = 9231C8422953490D004E3259 /* DetailsViewModel.swift */; };
		9231C84629538884004E3259 /* FriendsCache.xcdatamodeld in Sources */ = {isa = PBXBuildFile; fileRef = 9231C84429538884004E3259 /* FriendsCache.xcdatamodeld */; };
		9231C85C29538D60004E3259 /* CachedFriend+CoreDataClass.swift in Sources */ = {isa = PBXBuildFile; fileRef = 9231C85829538D60004E3259 /* CachedFriend+CoreDataClass.swift */; };
		9231C85D29538D60004E3259 /* CachedFriend+CoreDataProperties.swift in Sources */ = {isa = PBXBuildFile; fileRef = 9231C85929538D60004E3259 /* CachedFriend+CoreDataProperties.swift */; };
		9231C85E29538D60004E3259 /* CachedUser+CoreDataClass.swift in Sources */ = {isa = PBXBuildFile; fileRef = 9231C85A29538D60004E3259 /* CachedUser+CoreDataClass.swift */; };
		9231C85F29538D60004E3259 /* CachedUser+CoreDataProperties.swift in Sources */ = {isa = PBXBuildFile; fileRef = 9231C85B29538D60004E3259 /* CachedUser+CoreDataProperties.swift */; };
		9231C8612954A74A004E3259 /* DataController.swift in Sources */ = {isa = PBXBuildFile; fileRef = 9231C8602954A74A004E3259 /* DataController.swift */; };
		9231C8642954AE0C004E3259 /* ListViewModel.swift in Sources */ = {isa = PBXBuildFile; fileRef = 9231C8632954AE0C004E3259 /* ListViewModel.swift */; };
/* End PBXBuildFile section */

/* Begin PBXFileReference section */
		9231C82629531438004E3259 /* Friends.app */ = {isa = PBXFileReference; explicitFileType = wrapper.application; includeInIndex = 0; path = Friends.app; sourceTree = BUILT_PRODUCTS_DIR; };
		9231C82929531438004E3259 /* FriendsApp.swift */ = {isa = PBXFileReference; lastKnownFileType = sourcecode.swift; path = FriendsApp.swift; sourceTree = "<group>"; };
		9231C82B29531438004E3259 /* ListView.swift */ = {isa = PBXFileReference; lastKnownFileType = sourcecode.swift; path = ListView.swift; sourceTree = "<group>"; };
		9231C82D29531439004E3259 /* Assets.xcassets */ = {isa = PBXFileReference; lastKnownFileType = folder.assetcatalog; path = Assets.xcassets; sourceTree = "<group>"; };
		9231C83029531439004E3259 /* Preview Assets.xcassets */ = {isa = PBXFileReference; lastKnownFileType = folder.assetcatalog; path = "Preview Assets.xcassets"; sourceTree = "<group>"; };
		9231C8372953146B004E3259 /* User.swift */ = {isa = PBXFileReference; lastKnownFileType = sourcecode.swift; path = User.swift; sourceTree = "<group>"; };
		9231C8392953147D004E3259 /* Friend.swift */ = {isa = PBXFileReference; lastKnownFileType = sourcecode.swift; path = Friend.swift; sourceTree = "<group>"; };
		9231C83C29531914004E3259 /* UsersService.swift */ = {isa = PBXFileReference; lastKnownFileType = sourcecode.swift; path = UsersService.swift; sourceTree = "<group>"; };
		9231C84029534858004E3259 /* DetailsView.swift */ = {isa = PBXFileReference; lastKnownFileType = sourcecode.swift; path = DetailsView.swift; sourceTree = "<group>"; };
		9231C8422953490D004E3259 /* DetailsViewModel.swift */ = {isa = PBXFileReference; lastKnownFileType = sourcecode.swift; path = DetailsViewModel.swift; sourceTree = "<group>"; };
		9231C84529538884004E3259 /* FriendsCache.xcdatamodel */ = {isa = PBXFileReference; lastKnownFileType = wrapper.xcdatamodel; path = FriendsCache.xcdatamodel; sourceTree = "<group>"; };
		9231C85829538D60004E3259 /* CachedFriend+CoreDataClass.swift */ = {isa = PBXFileReference; lastKnownFileType = sourcecode.swift; path = "CachedFriend+CoreDataClass.swift"; sourceTree = "<group>"; };
		9231C85929538D60004E3259 /* CachedFriend+CoreDataProperties.swift */ = {isa = PBXFileReference; lastKnownFileType = sourcecode.swift; path = "CachedFriend+CoreDataProperties.swift"; sourceTree = "<group>"; };
		9231C85A29538D60004E3259 /* CachedUser+CoreDataClass.swift */ = {isa = PBXFileReference; lastKnownFileType = sourcecode.swift; path = "CachedUser+CoreDataClass.swift"; sourceTree = "<group>"; };
		9231C85B29538D60004E3259 /* CachedUser+CoreDataProperties.swift */ = {isa = PBXFileReference; lastKnownFileType = sourcecode.swift; path = "CachedUser+CoreDataProperties.swift"; sourceTree = "<group>"; };
		9231C8602954A74A004E3259 /* DataController.swift */ = {isa = PBXFileReference; lastKnownFileType = sourcecode.swift; path = DataController.swift; sourceTree = "<group>"; };
		9231C8632954AE0C004E3259 /* ListViewModel.swift */ = {isa = PBXFileReference; lastKnownFileType = sourcecode.swift; path = ListViewModel.swift; sourceTree = "<group>"; };
/* End PBXFileReference section */

/* Begin PBXFrameworksBuildPhase section */
		9231C82329531438004E3259 /* Frameworks */ = {
			isa = PBXFrameworksBuildPhase;
			buildActionMask = 2147483647;
			files = (
			);
			runOnlyForDeploymentPostprocessing = 0;
		};
/* End PBXFrameworksBuildPhase section */

/* Begin PBXGroup section */
		9231C81D29531438004E3259 = {
			isa = PBXGroup;
			children = (
				9231C82829531438004E3259 /* Friends */,
				9231C82729531438004E3259 /* Products */,
			);
			sourceTree = "<group>";
		};
		9231C82729531438004E3259 /* Products */ = {
			isa = PBXGroup;
			children = (
				9231C82629531438004E3259 /* Friends.app */,
			);
			name = Products;
			sourceTree = "<group>";
		};
		9231C82829531438004E3259 /* Friends */ = {
			isa = PBXGroup;
			children = (
				9231C82929531438004E3259 /* FriendsApp.swift */,
				9231C8472953888B004E3259 /* Data */,
				9231C83B29531484004E3259 /* Model */,
				9231C83F29531E27004E3259 /* Service */,
				9231C8622954ADB4004E3259 /* View */,
				9231C83E29531919004E3259 /* ViewModel */,
				9231C82D29531439004E3259 /* Assets.xcassets */,
				9231C82F29531439004E3259 /* Preview Content */,
			);
			path = Friends;
			sourceTree = "<group>";
		};
		9231C82F29531439004E3259 /* Preview Content */ = {
			isa = PBXGroup;
			children = (
				9231C83029531439004E3259 /* Preview Assets.xcassets */,
			);
			path = "Preview Content";
			sourceTree = "<group>";
		};
		9231C83B29531484004E3259 /* Model */ = {
			isa = PBXGroup;
			children = (
				9231C8372953146B004E3259 /* User.swift */,
				9231C8392953147D004E3259 /* Friend.swift */,
			);
			path = Model;
			sourceTree = "<group>";
		};
		9231C83E29531919004E3259 /* ViewModel */ = {
			isa = PBXGroup;
			children = (
				9231C8422953490D004E3259 /* DetailsViewModel.swift */,
				9231C8632954AE0C004E3259 /* ListViewModel.swift */,
			);
			path = ViewModel;
			sourceTree = "<group>";
		};
		9231C83F29531E27004E3259 /* Service */ = {
			isa = PBXGroup;
			children = (
				9231C83C29531914004E3259 /* UsersService.swift */,
			);
			path = Service;
			sourceTree = "<group>";
		};
		9231C8472953888B004E3259 /* Data */ = {
			isa = PBXGroup;
			children = (
				9231C85829538D60004E3259 /* CachedFriend+CoreDataClass.swift */,
				9231C85929538D60004E3259 /* CachedFriend+CoreDataProperties.swift */,
				9231C85A29538D60004E3259 /* CachedUser+CoreDataClass.swift */,
				9231C85B29538D60004E3259 /* CachedUser+CoreDataProperties.swift */,
				9231C8602954A74A004E3259 /* DataController.swift */,
				9231C84429538884004E3259 /* FriendsCache.xcdatamodeld */,
			);
			path = Data;
			sourceTree = "<group>";
		};
		9231C8622954ADB4004E3259 /* View */ = {
			isa = PBXGroup;
			children = (
				9231C84029534858004E3259 /* DetailsView.swift */,
				9231C82B29531438004E3259 /* ListView.swift */,
			);
			path = View;
			sourceTree = "<group>";
		};
/* End PBXGroup section */

/* Begin PBXNativeTarget section */
		9231C82529531438004E3259 /* Friends */ = {
			isa = PBXNativeTarget;
			buildConfigurationList = 9231C83429531439004E3259 /* Build configuration list for PBXNativeTarget "Friends" */;
			buildPhases = (
				9231C82229531438004E3259 /* Sources */,
				9231C82329531438004E3259 /* Frameworks */,
				9231C82429531438004E3259 /* Resources */,
			);
			buildRules = (
			);
			dependencies = (
			);
			name = Friends;
			productName = Friends;
			productReference = 9231C82629531438004E3259 /* Friends.app */;
			productType = "com.apple.product-type.application";
		};
/* End PBXNativeTarget section */

/* Begin PBXProject section */
		9231C81E29531438004E3259 /* Project object */ = {
			isa = PBXProject;
			attributes = {
				BuildIndependentTargetsInParallel = 1;
				LastSwiftUpdateCheck = 1420;
				LastUpgradeCheck = 1420;
				TargetAttributes = {
					9231C82529531438004E3259 = {
						CreatedOnToolsVersion = 14.2;
					};
				};
			};
			buildConfigurationList = 9231C82129531438004E3259 /* Build configuration list for PBXProject "Friends" */;
			compatibilityVersion = "Xcode 14.0";
			developmentRegion = en;
			hasScannedForEncodings = 0;
			knownRegions = (
				en,
				Base,
			);
			mainGroup = 9231C81D29531438004E3259;
			productRefGroup = 9231C82729531438004E3259 /* Products */;
			projectDirPath = "";
			projectRoot = "";
			targets = (
				9231C82529531438004E3259 /* Friends */,
			);
		};
/* End PBXProject section */

/* Begin PBXResourcesBuildPhase section */
		9231C82429531438004E3259 /* Resources */ = {
			isa = PBXResourcesBuildPhase;
			buildActionMask = 2147483647;
			files = (
				9231C83129531439004E3259 /* Preview Assets.xcassets in Resources */,
				9231C82E29531439004E3259 /* Assets.xcassets in Resources */,
			);
			runOnlyForDeploymentPostprocessing = 0;
		};
/* End PBXResourcesBuildPhase section */

/* Begin PBXSourcesBuildPhase section */
		9231C82229531438004E3259 /* Sources */ = {
			isa = PBXSourcesBuildPhase;
			buildActionMask = 2147483647;
			files = (
				9231C85C29538D60004E3259 /* CachedFriend+CoreDataClass.swift in Sources */,
				9231C85D29538D60004E3259 /* CachedFriend+CoreDataProperties.swift in Sources */,
				9231C8642954AE0C004E3259 /* ListViewModel.swift in Sources */,
				9231C84629538884004E3259 /* FriendsCache.xcdatamodeld in Sources */,
				9231C82C29531438004E3259 /* ListView.swift in Sources */,
				9231C85F29538D60004E3259 /* CachedUser+CoreDataProperties.swift in Sources */,
				9231C82A29531438004E3259 /* FriendsApp.swift in Sources */,
				9231C8382953146B004E3259 /* User.swift in Sources */,
				9231C83A2953147D004E3259 /* Friend.swift in Sources */,
				9231C8432953490D004E3259 /* DetailsViewModel.swift in Sources */,
				9231C85E29538D60004E3259 /* CachedUser+CoreDataClass.swift in Sources */,
				9231C83D29531914004E3259 /* UsersService.swift in Sources */,
				9231C8612954A74A004E3259 /* DataController.swift in Sources */,
				9231C84129534858004E3259 /* DetailsView.swift in Sources */,
			);
			runOnlyForDeploymentPostprocessing = 0;
		};
/* End PBXSourcesBuildPhase section */

/* Begin XCBuildConfiguration section */
		9231C83229531439004E3259 /* Debug */ = {
			isa = XCBuildConfiguration;
			buildSettings = {
				ALWAYS_SEARCH_USER_PATHS = NO;
				CLANG_ANALYZER_NONNULL = YES;
				CLANG_ANALYZER_NUMBER_OBJECT_CONVERSION = YES_AGGRESSIVE;
				CLANG_CXX_LANGUAGE_STANDARD = "gnu++20";
				CLANG_ENABLE_MODULES = YES;
				CLANG_ENABLE_OBJC_ARC = YES;
				CLANG_ENABLE_OBJC_WEAK = YES;
				CLANG_WARN_BLOCK_CAPTURE_AUTORELEASING = YES;
				CLANG_WARN_BOOL_CONVERSION = YES;
				CLANG_WARN_COMMA = YES;
				CLANG_WARN_CONSTANT_CONVERSION = YES;
				CLANG_WARN_DEPRECATED_OBJC_IMPLEMENTATIONS = YES;
				CLANG_WARN_DIRECT_OBJC_ISA_USAGE = YES_ERROR;
				CLANG_WARN_DOCUMENTATION_COMMENTS = YES;
				CLANG_WARN_EMPTY_BODY = YES;
				CLANG_WARN_ENUM_CONVERSION = YES;
				CLANG_WARN_INFINITE_RECURSION = YES;
				CLANG_WARN_INT_CONVERSION = YES;
				CLANG_WARN_NON_LITERAL_NULL_CONVERSION = YES;
				CLANG_WARN_OBJC_IMPLICIT_RETAIN_SELF = YES;
				CLANG_WARN_OBJC_LITERAL_CONVERSION = YES;
				CLANG_WARN_OBJC_ROOT_CLASS = YES_ERROR;
				CLANG_WARN_QUOTED_INCLUDE_IN_FRAMEWORK_HEADER = YES;
				CLANG_WARN_RANGE_LOOP_ANALYSIS = YES;
				CLANG_WARN_STRICT_PROTOTYPES = YES;
				CLANG_WARN_SUSPICIOUS_MOVE = YES;
				CLANG_WARN_UNGUARDED_AVAILABILITY = YES_AGGRESSIVE;
				CLANG_WARN_UNREACHABLE_CODE = YES;
				CLANG_WARN__DUPLICATE_METHOD_MATCH = YES;
				COPY_PHASE_STRIP = NO;
				DEBUG_INFORMATION_FORMAT = dwarf;
				ENABLE_STRICT_OBJC_MSGSEND = YES;
				ENABLE_TESTABILITY = YES;
				GCC_C_LANGUAGE_STANDARD = gnu11;
				GCC_DYNAMIC_NO_PIC = NO;
				GCC_NO_COMMON_BLOCKS = YES;
				GCC_OPTIMIZATION_LEVEL = 0;
				GCC_PREPROCESSOR_DEFINITIONS = (
					"DEBUG=1",
					"$(inherited)",
				);
				GCC_WARN_64_TO_32_BIT_CONVERSION = YES;
				GCC_WARN_ABOUT_RETURN_TYPE = YES_ERROR;
				GCC_WARN_UNDECLARED_SELECTOR = YES;
				GCC_WARN_UNINITIALIZED_AUTOS = YES_AGGRESSIVE;
				GCC_WARN_UNUSED_FUNCTION = YES;
				GCC_WARN_UNUSED_VARIABLE = YES;
				IPHONEOS_DEPLOYMENT_TARGET = 16.2;
				MTL_ENABLE_DEBUG_INFO = INCLUDE_SOURCE;
				MTL_FAST_MATH = YES;
				ONLY_ACTIVE_ARCH = YES;
				SDKROOT = iphoneos;
				SWIFT_ACTIVE_COMPILATION_CONDITIONS = DEBUG;
				SWIFT_OPTIMIZATION_LEVEL = "-Onone";
			};
			name = Debug;
		};
		9231C83329531439004E3259 /* Release */ = {
			isa = XCBuildConfiguration;
			buildSettings = {
				ALWAYS_SEARCH_USER_PATHS = NO;
				CLANG_ANALYZER_NONNULL = YES;
				CLANG_ANALYZER_NUMBER_OBJECT_CONVERSION = YES_AGGRESSIVE;
				CLANG_CXX_LANGUAGE_STANDARD = "gnu++20";
				CLANG_ENABLE_MODULES = YES;
				CLANG_ENABLE_OBJC_ARC = YES;
				CLANG_ENABLE_OBJC_WEAK = YES;
				CLANG_WARN_BLOCK_CAPTURE_AUTORELEASING = YES;
				CLANG_WARN_BOOL_CONVERSION = YES;
				CLANG_WARN_COMMA = YES;
				CLANG_WARN_CONSTANT_CONVERSION = YES;
				CLANG_WARN_DEPRECATED_OBJC_IMPLEMENTATIONS = YES;
				CLANG_WARN_DIRECT_OBJC_ISA_USAGE = YES_ERROR;
				CLANG_WARN_DOCUMENTATION_COMMENTS = YES;
				CLANG_WARN_EMPTY_BODY = YES;
				CLANG_WARN_ENUM_CONVERSION = YES;
				CLANG_WARN_INFINITE_RECURSION = YES;
				CLANG_WARN_INT_CONVERSION = YES;
				CLANG_WARN_NON_LITERAL_NULL_CONVERSION = YES;
				CLANG_WARN_OBJC_IMPLICIT_RETAIN_SELF = YES;
				CLANG_WARN_OBJC_LITERAL_CONVERSION = YES;
				CLANG_WARN_OBJC_ROOT_CLASS = YES_ERROR;
				CLANG_WARN_QUOTED_INCLUDE_IN_FRAMEWORK_HEADER = YES;
				CLANG_WARN_RANGE_LOOP_ANALYSIS = YES;
				CLANG_WARN_STRICT_PROTOTYPES = YES;
				CLANG_WARN_SUSPICIOUS_MOVE = YES;
				CLANG_WARN_UNGUARDED_AVAILABILITY = YES_AGGRESSIVE;
				CLANG_WARN_UNREACHABLE_CODE = YES;
				CLANG_WARN__DUPLICATE_METHOD_MATCH = YES;
				COPY_PHASE_STRIP = NO;
				DEBUG_INFORMATION_FORMAT = "dwarf-with-dsym";
				ENABLE_NS_ASSERTIONS = NO;
				ENABLE_STRICT_OBJC_MSGSEND = YES;
				GCC_C_LANGUAGE_STANDARD = gnu11;
				GCC_NO_COMMON_BLOCKS = YES;
				GCC_WARN_64_TO_32_BIT_CONVERSION = YES;
				GCC_WARN_ABOUT_RETURN_TYPE = YES_ERROR;
				GCC_WARN_UNDECLARED_SELECTOR = YES;
				GCC_WARN_UNINITIALIZED_AUTOS = YES_AGGRESSIVE;
				GCC_WARN_UNUSED_FUNCTION = YES;
				GCC_WARN_UNUSED_VARIABLE = YES;
				IPHONEOS_DEPLOYMENT_TARGET = 16.2;
				MTL_ENABLE_DEBUG_INFO = NO;
				MTL_FAST_MATH = YES;
				SDKROOT = iphoneos;
				SWIFT_COMPILATION_MODE = wholemodule;
				SWIFT_OPTIMIZATION_LEVEL = "-O";
				VALIDATE_PRODUCT = YES;
			};
			name = Release;
		};
		9231C83529531439004E3259 /* Debug */ = {
			isa = XCBuildConfiguration;
			buildSettings = {
				ASSETCATALOG_COMPILER_APPICON_NAME = AppIcon;
				ASSETCATALOG_COMPILER_GLOBAL_ACCENT_COLOR_NAME = AccentColor;
				CODE_SIGN_STYLE = Automatic;
				CURRENT_PROJECT_VERSION = 1;
				DEVELOPMENT_ASSET_PATHS = "\"Friends/Preview Content\"";
				ENABLE_PREVIEWS = YES;
				GENERATE_INFOPLIST_FILE = YES;
				INFOPLIST_KEY_UIApplicationSceneManifest_Generation = YES;
				INFOPLIST_KEY_UIApplicationSupportsIndirectInputEvents = YES;
				INFOPLIST_KEY_UILaunchScreen_Generation = YES;
				INFOPLIST_KEY_UISupportedInterfaceOrientations_iPad = "UIInterfaceOrientationPortrait UIInterfaceOrientationPortraitUpsideDown UIInterfaceOrientationLandscapeLeft UIInterfaceOrientationLandscapeRight";
				INFOPLIST_KEY_UISupportedInterfaceOrientations_iPhone = "UIInterfaceOrientationPortrait UIInterfaceOrientationLandscapeLeft UIInterfaceOrientationLandscapeRight";
				LD_RUNPATH_SEARCH_PATHS = (
					"$(inherited)",
					"@executable_path/Frameworks",
				);
				MARKETING_VERSION = 1.0;
				PRODUCT_BUNDLE_IDENTIFIER = berlin.lippmann.Friends;
				PRODUCT_NAME = "$(TARGET_NAME)";
				SWIFT_EMIT_LOC_STRINGS = YES;
				SWIFT_VERSION = 5.0;
				TARGETED_DEVICE_FAMILY = "1,2";
			};
			name = Debug;
		};
		9231C83629531439004E3259 /* Release */ = {
			isa = XCBuildConfiguration;
			buildSettings = {
				ASSETCATALOG_COMPILER_APPICON_NAME = AppIcon;
				ASSETCATALOG_COMPILER_GLOBAL_ACCENT_COLOR_NAME = AccentColor;
				CODE_SIGN_STYLE = Automatic;
				CURRENT_PROJECT_VERSION = 1;
				DEVELOPMENT_ASSET_PATHS = "\"Friends/Preview Content\"";
				ENABLE_PREVIEWS = YES;
				GENERATE_INFOPLIST_FILE = YES;
				INFOPLIST_KEY_UIApplicationSceneManifest_Generation = YES;
				INFOPLIST_KEY_UIApplicationSupportsIndirectInputEvents = YES;
				INFOPLIST_KEY_UILaunchScreen_Generation = YES;
				INFOPLIST_KEY_UISupportedInterfaceOrientations_iPad = "UIInterfaceOrientationPortrait UIInterfaceOrientationPortraitUpsideDown UIInterfaceOrientationLandscapeLeft UIInterfaceOrientationLandscapeRight";
				INFOPLIST_KEY_UISupportedInterfaceOrientations_iPhone = "UIInterfaceOrientationPortrait UIInterfaceOrientationLandscapeLeft UIInterfaceOrientationLandscapeRight";
				LD_RUNPATH_SEARCH_PATHS = (
					"$(inherited)",
					"@executable_path/Frameworks",
				);
				MARKETING_VERSION = 1.0;
				PRODUCT_BUNDLE_IDENTIFIER = berlin.lippmann.Friends;
				PRODUCT_NAME = "$(TARGET_NAME)";
				SWIFT_EMIT_LOC_STRINGS = YES;
				SWIFT_VERSION = 5.0;
				TARGETED_DEVICE_FAMILY = "1,2";
			};
			name = Release;
		};
/* End XCBuildConfiguration section */

/* Begin XCConfigurationList section */
		9231C82129531438004E3259 /* Build configuration list for PBXProject "Friends" */ = {
			isa = XCConfigurationList;
			buildConfigurations = (
				9231C83229531439004E3259 /* Debug */,
				9231C83329531439004E3259 /* Release */,
			);
			defaultConfigurationIsVisible = 0;
			defaultConfigurationName = Release;
		};
		9231C83429531439004E3259 /* Build configuration list for PBXNativeTarget "Friends" */ = {
			isa = XCConfigurationList;
			buildConfigurations = (
				9231C83529531439004E3259 /* Debug */,
				9231C83629531439004E3259 /* Release */,
			);
			defaultConfigurationIsVisible = 0;
			defaultConfigurationName = Release;
		};
/* End XCConfigurationList section */

/* Begin XCVersionGroup section */
		9231C84429538884004E3259 /* FriendsCache.xcdatamodeld */ = {
			isa = XCVersionGroup;
			children = (
				9231C84529538884004E3259 /* FriendsCache.xcdatamodel */,
			);
			currentVersion = 9231C84529538884004E3259 /* FriendsCache.xcdatamodel */;
			path = FriendsCache.xcdatamodeld;
			sourceTree = "<group>";
			versionGroupType = wrapper.xcdatamodel;
		};
/* End XCVersionGroup section */
	};
	rootObject = 9231C81E29531438004E3259 /* Project object */;
}
