// !$*UTF8*$!
{
	archiveVersion = 1;
	classes = {
	};
	objectVersion = 56;
	objects = {

/* Begin PBXBuildFile section */
		928CBBA829A6A402003360C5 /* A11yLabelsView.swift in Sources */ = {isa = PBXBuildFile; fileRef = 928CBBA729A6A402003360C5 /* A11yLabelsView.swift */; };
		928CBBAA29A6A511003360C5 /* HidingAndGroupingView.swift in Sources */ = {isa = PBXBuildFile; fileRef = 928CBBA929A6A511003360C5 /* HidingAndGroupingView.swift */; };
		928CBBAC29A6A6CC003360C5 /* ReadingValuesView.swift in Sources */ = {isa = PBXBuildFile; fileRef = 928CBBAB29A6A6CC003360C5 /* ReadingValuesView.swift */; };
		92932BB729A6A2830093C45B /* A11yApp.swift in Sources */ = {isa = PBXBuildFile; fileRef = 92932BB629A6A2830093C45B /* A11yApp.swift */; };
		92932BBB29A6A2870093C45B /* Assets.xcassets in Resources */ = {isa = PBXBuildFile; fileRef = 92932BBA29A6A2870093C45B /* Assets.xcassets */; };
		92932BBE29A6A2870093C45B /* Preview Assets.xcassets in Resources */ = {isa = PBXBuildFile; fileRef = 92932BBD29A6A2870093C45B /* Preview Assets.xcassets */; };
/* End PBXBuildFile section */

/* Begin PBXFileReference section */
		928CBBA729A6A402003360C5 /* A11yLabelsView.swift */ = {isa = PBXFileReference; fileEncoding = 4; lastKnownFileType = sourcecode.swift; name = A11yLabelsView.swift; path = A11y/A11yLabelsView.swift; sourceTree = SOURCE_ROOT; };
		928CBBA929A6A511003360C5 /* HidingAndGroupingView.swift */ = {isa = PBXFileReference; lastKnownFileType = sourcecode.swift; path = HidingAndGroupingView.swift; sourceTree = "<group>"; };
		928CBBAB29A6A6CC003360C5 /* ReadingValuesView.swift */ = {isa = PBXFileReference; lastKnownFileType = sourcecode.swift; path = ReadingValuesView.swift; sourceTree = "<group>"; };
		92932BB329A6A2830093C45B /* A11y.app */ = {isa = PBXFileReference; explicitFileType = wrapper.application; includeInIndex = 0; path = A11y.app; sourceTree = BUILT_PRODUCTS_DIR; };
		92932BB629A6A2830093C45B /* A11yApp.swift */ = {isa = PBXFileReference; lastKnownFileType = sourcecode.swift; path = A11yApp.swift; sourceTree = "<group>"; };
		92932BBA29A6A2870093C45B /* Assets.xcassets */ = {isa = PBXFileReference; lastKnownFileType = folder.assetcatalog; path = Assets.xcassets; sourceTree = "<group>"; };
		92932BBD29A6A2870093C45B /* Preview Assets.xcassets */ = {isa = PBXFileReference; lastKnownFileType = folder.assetcatalog; path = "Preview Assets.xcassets"; sourceTree = "<group>"; };
/* End PBXFileReference section */

/* Begin PBXFrameworksBuildPhase section */
		92932BB029A6A2830093C45B /* Frameworks */ = {
			isa = PBXFrameworksBuildPhase;
			buildActionMask = 2147483647;
			files = (
			);
			runOnlyForDeploymentPostprocessing = 0;
		};
/* End PBXFrameworksBuildPhase section */

/* Begin PBXGroup section */
		92932BAA29A6A2830093C45B = {
			isa = PBXGroup;
			children = (
				92932BB529A6A2830093C45B /* A11y */,
				92932BB429A6A2830093C45B /* Products */,
			);
			sourceTree = "<group>";
		};
		92932BB429A6A2830093C45B /* Products */ = {
			isa = PBXGroup;
			children = (
				92932BB329A6A2830093C45B /* A11y.app */,
			);
			name = Products;
			sourceTree = "<group>";
		};
		92932BB529A6A2830093C45B /* A11y */ = {
			isa = PBXGroup;
			children = (
				92932BB629A6A2830093C45B /* A11yApp.swift */,
				92932BD429A6A3C40093C45B /* Preparations */,
				92932BBA29A6A2870093C45B /* Assets.xcassets */,
				92932BBC29A6A2870093C45B /* Preview Content */,
			);
			path = A11y;
			sourceTree = "<group>";
		};
		92932BBC29A6A2870093C45B /* Preview Content */ = {
			isa = PBXGroup;
			children = (
				92932BBD29A6A2870093C45B /* Preview Assets.xcassets */,
			);
			path = "Preview Content";
			sourceTree = "<group>";
		};
		92932BD429A6A3C40093C45B /* Preparations */ = {
			isa = PBXGroup;
			children = (
				928CBBA729A6A402003360C5 /* A11yLabelsView.swift */,
				928CBBA929A6A511003360C5 /* HidingAndGroupingView.swift */,
				928CBBAB29A6A6CC003360C5 /* ReadingValuesView.swift */,
			);
			path = Preparations;
			sourceTree = "<group>";
		};
/* End PBXGroup section */

/* Begin PBXNativeTarget section */
		92932BB229A6A2830093C45B /* A11y */ = {
			isa = PBXNativeTarget;
			buildConfigurationList = 92932BC129A6A2870093C45B /* Build configuration list for PBXNativeTarget "A11y" */;
			buildPhases = (
				92932BAF29A6A2830093C45B /* Sources */,
				92932BB029A6A2830093C45B /* Frameworks */,
				92932BB129A6A2830093C45B /* Resources */,
			);
			buildRules = (
			);
			dependencies = (
			);
			name = A11y;
			productName = A11y;
			productReference = 92932BB329A6A2830093C45B /* A11y.app */;
			productType = "com.apple.product-type.application";
		};
/* End PBXNativeTarget section */

/* Begin PBXProject section */
		92932BAB29A6A2830093C45B /* Project object */ = {
			isa = PBXProject;
			attributes = {
				BuildIndependentTargetsInParallel = 1;
				LastSwiftUpdateCheck = 1430;
				LastUpgradeCheck = 1430;
				TargetAttributes = {
					92932BB229A6A2830093C45B = {
						CreatedOnToolsVersion = 14.3;
					};
				};
			};
			buildConfigurationList = 92932BAE29A6A2830093C45B /* Build configuration list for PBXProject "A11y" */;
			compatibilityVersion = "Xcode 14.0";
			developmentRegion = en;
			hasScannedForEncodings = 0;
			knownRegions = (
				en,
				Base,
			);
			mainGroup = 92932BAA29A6A2830093C45B;
			productRefGroup = 92932BB429A6A2830093C45B /* Products */;
			projectDirPath = "";
			projectRoot = "";
			targets = (
				92932BB229A6A2830093C45B /* A11y */,
			);
		};
/* End PBXProject section */

/* Begin PBXResourcesBuildPhase section */
		92932BB129A6A2830093C45B /* Resources */ = {
			isa = PBXResourcesBuildPhase;
			buildActionMask = 2147483647;
			files = (
				92932BBE29A6A2870093C45B /* Preview Assets.xcassets in Resources */,
				92932BBB29A6A2870093C45B /* Assets.xcassets in Resources */,
			);
			runOnlyForDeploymentPostprocessing = 0;
		};
/* End PBXResourcesBuildPhase section */

/* Begin PBXSourcesBuildPhase section */
		92932BAF29A6A2830093C45B /* Sources */ = {
			isa = PBXSourcesBuildPhase;
			buildActionMask = 2147483647;
			files = (
				928CBBA829A6A402003360C5 /* A11yLabelsView.swift in Sources */,
				928CBBAA29A6A511003360C5 /* HidingAndGroupingView.swift in Sources */,
				92932BB729A6A2830093C45B /* A11yApp.swift in Sources */,
				928CBBAC29A6A6CC003360C5 /* ReadingValuesView.swift in Sources */,
			);
			runOnlyForDeploymentPostprocessing = 0;
		};
/* End PBXSourcesBuildPhase section */

/* Begin XCBuildConfiguration section */
		92932BBF29A6A2870093C45B /* Debug */ = {
			isa = XCBuildConfiguration;
			buildSettings = {
				ALWAYS_SEARCH_USER_PATHS = NO;
				CLANG_ANALYZER_NONNULL = YES;
				CLANG_ANALYZER_NUMBER_OBJECT_CONVERSION = YES_AGGRESSIVE;
				CLANG_CXX_LANGUAGE_STANDARD = "gnu++20";
				CLANG_ENABLE_MODULES = YES;
				CLANG_ENABLE_OBJC_ARC = YES;
				CLANG_ENABLE_OBJC_WEAK = YES;
				CLANG_WARN_BLOCK_CAPTURE_AUTORELEASING = YES;
				CLANG_WARN_BOOL_CONVERSION = YES;
				CLANG_WARN_COMMA = YES;
				CLANG_WARN_CONSTANT_CONVERSION = YES;
				CLANG_WARN_DEPRECATED_OBJC_IMPLEMENTATIONS = YES;
				CLANG_WARN_DIRECT_OBJC_ISA_USAGE = YES_ERROR;
				CLANG_WARN_DOCUMENTATION_COMMENTS = YES;
				CLANG_WARN_EMPTY_BODY = YES;
				CLANG_WARN_ENUM_CONVERSION = YES;
				CLANG_WARN_INFINITE_RECURSION = YES;
				CLANG_WARN_INT_CONVERSION = YES;
				CLANG_WARN_NON_LITERAL_NULL_CONVERSION = YES;
				CLANG_WARN_OBJC_IMPLICIT_RETAIN_SELF = YES;
				CLANG_WARN_OBJC_LITERAL_CONVERSION = YES;
				CLANG_WARN_OBJC_ROOT_CLASS = YES_ERROR;
				CLANG_WARN_QUOTED_INCLUDE_IN_FRAMEWORK_HEADER = YES;
				CLANG_WARN_RANGE_LOOP_ANALYSIS = YES;
				CLANG_WARN_STRICT_PROTOTYPES = YES;
				CLANG_WARN_SUSPICIOUS_MOVE = YES;
				CLANG_WARN_UNGUARDED_AVAILABILITY = YES_AGGRESSIVE;
				CLANG_WARN_UNREACHABLE_CODE = YES;
				CLANG_WARN__DUPLICATE_METHOD_MATCH = YES;
				COPY_PHASE_STRIP = NO;
				DEBUG_INFORMATION_FORMAT = dwarf;
				ENABLE_STRICT_OBJC_MSGSEND = YES;
				ENABLE_TESTABILITY = YES;
				GCC_C_LANGUAGE_STANDARD = gnu11;
				GCC_DYNAMIC_NO_PIC = NO;
				GCC_NO_COMMON_BLOCKS = YES;
				GCC_OPTIMIZATION_LEVEL = 0;
				GCC_PREPROCESSOR_DEFINITIONS = (
					"DEBUG=1",
					"$(inherited)",
				);
				GCC_WARN_64_TO_32_BIT_CONVERSION = YES;
				GCC_WARN_ABOUT_RETURN_TYPE = YES_ERROR;
				GCC_WARN_UNDECLARED_SELECTOR = YES;
				GCC_WARN_UNINITIALIZED_AUTOS = YES_AGGRESSIVE;
				GCC_WARN_UNUSED_FUNCTION = YES;
				GCC_WARN_UNUSED_VARIABLE = YES;
				IPHONEOS_DEPLOYMENT_TARGET = 16.4;
				MTL_ENABLE_DEBUG_INFO = INCLUDE_SOURCE;
				MTL_FAST_MATH = YES;
				ONLY_ACTIVE_ARCH = YES;
				SDKROOT = iphoneos;
				SWIFT_ACTIVE_COMPILATION_CONDITIONS = DEBUG;
				SWIFT_OPTIMIZATION_LEVEL = "-Onone";
			};
			name = Debug;
		};
		92932BC029A6A2870093C45B /* Release */ = {
			isa = XCBuildConfiguration;
			buildSettings = {
				ALWAYS_SEARCH_USER_PATHS = NO;
				CLANG_ANALYZER_NONNULL = YES;
				CLANG_ANALYZER_NUMBER_OBJECT_CONVERSION = YES_AGGRESSIVE;
				CLANG_CXX_LANGUAGE_STANDARD = "gnu++20";
				CLANG_ENABLE_MODULES = YES;
				CLANG_ENABLE_OBJC_ARC = YES;
				CLANG_ENABLE_OBJC_WEAK = YES;
				CLANG_WARN_BLOCK_CAPTURE_AUTORELEASING = YES;
				CLANG_WARN_BOOL_CONVERSION = YES;
				CLANG_WARN_COMMA = YES;
				CLANG_WARN_CONSTANT_CONVERSION = YES;
				CLANG_WARN_DEPRECATED_OBJC_IMPLEMENTATIONS = YES;
				CLANG_WARN_DIRECT_OBJC_ISA_USAGE = YES_ERROR;
				CLANG_WARN_DOCUMENTATION_COMMENTS = YES;
				CLANG_WARN_EMPTY_BODY = YES;
				CLANG_WARN_ENUM_CONVERSION = YES;
				CLANG_WARN_INFINITE_RECURSION = YES;
				CLANG_WARN_INT_CONVERSION = YES;
				CLANG_WARN_NON_LITERAL_NULL_CONVERSION = YES;
				CLANG_WARN_OBJC_IMPLICIT_RETAIN_SELF = YES;
				CLANG_WARN_OBJC_LITERAL_CONVERSION = YES;
				CLANG_WARN_OBJC_ROOT_CLASS = YES_ERROR;
				CLANG_WARN_QUOTED_INCLUDE_IN_FRAMEWORK_HEADER = YES;
				CLANG_WARN_RANGE_LOOP_ANALYSIS = YES;
				CLANG_WARN_STRICT_PROTOTYPES = YES;
				CLANG_WARN_SUSPICIOUS_MOVE = YES;
				CLANG_WARN_UNGUARDED_AVAILABILITY = YES_AGGRESSIVE;
				CLANG_WARN_UNREACHABLE_CODE = YES;
				CLANG_WARN__DUPLICATE_METHOD_MATCH = YES;
				COPY_PHASE_STRIP = NO;
				DEBUG_INFORMATION_FORMAT = "dwarf-with-dsym";
				ENABLE_NS_ASSERTIONS = NO;
				ENABLE_STRICT_OBJC_MSGSEND = YES;
				GCC_C_LANGUAGE_STANDARD = gnu11;
				GCC_NO_COMMON_BLOCKS = YES;
				GCC_WARN_64_TO_32_BIT_CONVERSION = YES;
				GCC_WARN_ABOUT_RETURN_TYPE = YES_ERROR;
				GCC_WARN_UNDECLARED_SELECTOR = YES;
				GCC_WARN_UNINITIALIZED_AUTOS = YES_AGGRESSIVE;
				GCC_WARN_UNUSED_FUNCTION = YES;
				GCC_WARN_UNUSED_VARIABLE = YES;
				IPHONEOS_DEPLOYMENT_TARGET = 16.4;
				MTL_ENABLE_DEBUG_INFO = NO;
				MTL_FAST_MATH = YES;
				SDKROOT = iphoneos;
				SWIFT_COMPILATION_MODE = wholemodule;
				SWIFT_OPTIMIZATION_LEVEL = "-O";
				VALIDATE_PRODUCT = YES;
			};
			name = Release;
		};
		92932BC229A6A2870093C45B /* Debug */ = {
			isa = XCBuildConfiguration;
			buildSettings = {
				ASSETCATALOG_COMPILER_APPICON_NAME = AppIcon;
				ASSETCATALOG_COMPILER_GLOBAL_ACCENT_COLOR_NAME = AccentColor;
				CODE_SIGN_STYLE = Automatic;
				CURRENT_PROJECT_VERSION = 1;
				DEVELOPMENT_ASSET_PATHS = "\"A11y/Preview Content\"";
				ENABLE_PREVIEWS = YES;
				GENERATE_INFOPLIST_FILE = YES;
				INFOPLIST_KEY_UIApplicationSceneManifest_Generation = YES;
				INFOPLIST_KEY_UIApplicationSupportsIndirectInputEvents = YES;
				INFOPLIST_KEY_UILaunchScreen_Generation = YES;
				INFOPLIST_KEY_UISupportedInterfaceOrientations_iPad = "UIInterfaceOrientationPortrait UIInterfaceOrientationPortraitUpsideDown UIInterfaceOrientationLandscapeLeft UIInterfaceOrientationLandscapeRight";
				INFOPLIST_KEY_UISupportedInterfaceOrientations_iPhone = "UIInterfaceOrientationPortrait UIInterfaceOrientationLandscapeLeft UIInterfaceOrientationLandscapeRight";
				LD_RUNPATH_SEARCH_PATHS = (
					"$(inherited)",
					"@executable_path/Frameworks",
				);
				MARKETING_VERSION = 1.0;
				PRODUCT_BUNDLE_IDENTIFIER = berlin.lippmann.A11y;
				PRODUCT_NAME = "$(TARGET_NAME)";
				SWIFT_EMIT_LOC_STRINGS = YES;
				SWIFT_VERSION = 5.0;
				TARGETED_DEVICE_FAMILY = "1,2";
			};
			name = Debug;
		};
		92932BC329A6A2870093C45B /* Release */ = {
			isa = XCBuildConfiguration;
			buildSettings = {
				ASSETCATALOG_COMPILER_APPICON_NAME = AppIcon;
				ASSETCATALOG_COMPILER_GLOBAL_ACCENT_COLOR_NAME = AccentColor;
				CODE_SIGN_STYLE = Automatic;
				CURRENT_PROJECT_VERSION = 1;
				DEVELOPMENT_ASSET_PATHS = "\"A11y/Preview Content\"";
				ENABLE_PREVIEWS = YES;
				GENERATE_INFOPLIST_FILE = YES;
				INFOPLIST_KEY_UIApplicationSceneManifest_Generation = YES;
				INFOPLIST_KEY_UIApplicationSupportsIndirectInputEvents = YES;
				INFOPLIST_KEY_UILaunchScreen_Generation = YES;
				INFOPLIST_KEY_UISupportedInterfaceOrientations_iPad = "UIInterfaceOrientationPortrait UIInterfaceOrientationPortraitUpsideDown UIInterfaceOrientationLandscapeLeft UIInterfaceOrientationLandscapeRight";
				INFOPLIST_KEY_UISupportedInterfaceOrientations_iPhone = "UIInterfaceOrientationPortrait UIInterfaceOrientationLandscapeLeft UIInterfaceOrientationLandscapeRight";
				LD_RUNPATH_SEARCH_PATHS = (
					"$(inherited)",
					"@executable_path/Frameworks",
				);
				MARKETING_VERSION = 1.0;
				PRODUCT_BUNDLE_IDENTIFIER = berlin.lippmann.A11y;
				PRODUCT_NAME = "$(TARGET_NAME)";
				SWIFT_EMIT_LOC_STRINGS = YES;
				SWIFT_VERSION = 5.0;
				TARGETED_DEVICE_FAMILY = "1,2";
			};
			name = Release;
		};
/* End XCBuildConfiguration section */

/* Begin XCConfigurationList section */
		92932BAE29A6A2830093C45B /* Build configuration list for PBXProject "A11y" */ = {
			isa = XCConfigurationList;
			buildConfigurations = (
				92932BBF29A6A2870093C45B /* Debug */,
				92932BC029A6A2870093C45B /* Release */,
			);
			defaultConfigurationIsVisible = 0;
			defaultConfigurationName = Release;
		};
		92932BC129A6A2870093C45B /* Build configuration list for PBXNativeTarget "A11y" */ = {
			isa = XCConfigurationList;
			buildConfigurations = (
				92932BC229A6A2870093C45B /* Debug */,
				92932BC329A6A2870093C45B /* Release */,
			);
			defaultConfigurationIsVisible = 0;
			defaultConfigurationName = Release;
		};
/* End XCConfigurationList section */
	};
	rootObject = 92932BAB29A6A2830093C45B /* Project object */;
}
