// !$*UTF8*$!
{
	archiveVersion = 1;
	classes = {
	};
	objectVersion = 56;
	objects = {

/* Begin PBXBuildFile section */
		92A162FF28A7EAC80055A158 /* DrawingApp.swift in Sources */ = {isa = PBXBuildFile; fileRef = 92A162FE28A7EAC80055A158 /* DrawingApp.swift */; };
		92A1630128A7EAC80055A158 /* PathView.swift in Sources */ = {isa = PBXBuildFile; fileRef = 92A1630028A7EAC80055A158 /* PathView.swift */; };
		92A1630328A7EAC90055A158 /* Assets.xcassets in Resources */ = {isa = PBXBuildFile; fileRef = 92A1630228A7EAC90055A158 /* Assets.xcassets */; };
		92A1630628A7EAC90055A158 /* Preview Assets.xcassets in Resources */ = {isa = PBXBuildFile; fileRef = 92A1630528A7EAC90055A158 /* Preview Assets.xcassets */; };
		92A1630D28A7EE5F0055A158 /* ShapeView.swift in Sources */ = {isa = PBXBuildFile; fileRef = 92A1630C28A7EE5F0055A158 /* ShapeView.swift */; };
		92A1630F28A7F1100055A158 /* InsettableShapeView.swift in Sources */ = {isa = PBXBuildFile; fileRef = 92A1630E28A7F1100055A158 /* InsettableShapeView.swift */; };
		92A1631128A7F37F0055A158 /* ArcShape.swift in Sources */ = {isa = PBXBuildFile; fileRef = 92A1631028A7F37F0055A158 /* ArcShape.swift */; };
		92A1631328A7F5E00055A158 /* FlowerShape.swift in Sources */ = {isa = PBXBuildFile; fileRef = 92A1631228A7F5E00055A158 /* FlowerShape.swift */; };
		92A1631628A7F6210055A158 /* FlowerView.swift in Sources */ = {isa = PBXBuildFile; fileRef = 92A1631528A7F6210055A158 /* FlowerView.swift */; };
		92A1631828A7F7E20055A158 /* ImagePaintView.swift in Sources */ = {isa = PBXBuildFile; fileRef = 92A1631728A7F7E20055A158 /* ImagePaintView.swift */; };
		92A1631A28A7F8E90055A158 /* ColorCyclingCircleView.swift in Sources */ = {isa = PBXBuildFile; fileRef = 92A1631928A7F8E90055A158 /* ColorCyclingCircleView.swift */; };
		92A1631C28A7FAE50055A158 /* SpecialEffectView.swift in Sources */ = {isa = PBXBuildFile; fileRef = 92A1631B28A7FAE50055A158 /* SpecialEffectView.swift */; };
		92A1631E28A7FE3B0055A158 /* AnimationView.swift in Sources */ = {isa = PBXBuildFile; fileRef = 92A1631D28A7FE3B0055A158 /* AnimationView.swift */; };
		92A1632028A7FE540055A158 /* TrapezoidShape.swift in Sources */ = {isa = PBXBuildFile; fileRef = 92A1631F28A7FE540055A158 /* TrapezoidShape.swift */; };
		92A1632228A8006D0055A158 /* CheckerboardShape.swift in Sources */ = {isa = PBXBuildFile; fileRef = 92A1632128A8006D0055A158 /* CheckerboardShape.swift */; };
		92A1632428A800C00055A158 /* CheckboardView.swift in Sources */ = {isa = PBXBuildFile; fileRef = 92A1632328A800C00055A158 /* CheckboardView.swift */; };
		92A1632628A802B30055A158 /* SpirographShape.swift in Sources */ = {isa = PBXBuildFile; fileRef = 92A1632528A802B30055A158 /* SpirographShape.swift */; };
		92A1632828A803710055A158 /* SpirographView.swift in Sources */ = {isa = PBXBuildFile; fileRef = 92A1632728A803710055A158 /* SpirographView.swift */; };
		92A1632A28A807780055A158 /* ArrowShape.swift in Sources */ = {isa = PBXBuildFile; fileRef = 92A1632928A807780055A158 /* ArrowShape.swift */; };
		92A1632C28A80BA50055A158 /* ChallengeView.swift in Sources */ = {isa = PBXBuildFile; fileRef = 92A1632B28A80BA50055A158 /* ChallengeView.swift */; };
		92D50B0428BB8A2D00B673E0 /* ColorCyclingRectangleView.swift in Sources */ = {isa = PBXBuildFile; fileRef = 92D50B0328BB8A2D00B673E0 /* ColorCyclingRectangleView.swift */; };
/* End PBXBuildFile section */

/* Begin PBXFileReference section */
		92A162FB28A7EAC80055A158 /* Drawing.app */ = {isa = PBXFileReference; explicitFileType = wrapper.application; includeInIndex = 0; path = Drawing.app; sourceTree = BUILT_PRODUCTS_DIR; };
		92A162FE28A7EAC80055A158 /* DrawingApp.swift */ = {isa = PBXFileReference; lastKnownFileType = sourcecode.swift; path = DrawingApp.swift; sourceTree = "<group>"; };
		92A1630028A7EAC80055A158 /* PathView.swift */ = {isa = PBXFileReference; lastKnownFileType = sourcecode.swift; path = PathView.swift; sourceTree = "<group>"; };
		92A1630228A7EAC90055A158 /* Assets.xcassets */ = {isa = PBXFileReference; lastKnownFileType = folder.assetcatalog; path = Assets.xcassets; sourceTree = "<group>"; };
		92A1630528A7EAC90055A158 /* Preview Assets.xcassets */ = {isa = PBXFileReference; lastKnownFileType = folder.assetcatalog; path = "Preview Assets.xcassets"; sourceTree = "<group>"; };
		92A1630C28A7EE5F0055A158 /* ShapeView.swift */ = {isa = PBXFileReference; lastKnownFileType = sourcecode.swift; path = ShapeView.swift; sourceTree = "<group>"; };
		92A1630E28A7F1100055A158 /* InsettableShapeView.swift */ = {isa = PBXFileReference; lastKnownFileType = sourcecode.swift; path = InsettableShapeView.swift; sourceTree = "<group>"; };
		92A1631028A7F37F0055A158 /* ArcShape.swift */ = {isa = PBXFileReference; lastKnownFileType = sourcecode.swift; path = ArcShape.swift; sourceTree = "<group>"; };
		92A1631228A7F5E00055A158 /* FlowerShape.swift */ = {isa = PBXFileReference; lastKnownFileType = sourcecode.swift; path = FlowerShape.swift; sourceTree = "<group>"; };
		92A1631528A7F6210055A158 /* FlowerView.swift */ = {isa = PBXFileReference; lastKnownFileType = sourcecode.swift; path = FlowerView.swift; sourceTree = "<group>"; };
		92A1631728A7F7E20055A158 /* ImagePaintView.swift */ = {isa = PBXFileReference; lastKnownFileType = sourcecode.swift; path = ImagePaintView.swift; sourceTree = "<group>"; };
		92A1631928A7F8E90055A158 /* ColorCyclingCircleView.swift */ = {isa = PBXFileReference; lastKnownFileType = sourcecode.swift; path = ColorCyclingCircleView.swift; sourceTree = "<group>"; };
		92A1631B28A7FAE50055A158 /* SpecialEffectView.swift */ = {isa = PBXFileReference; lastKnownFileType = sourcecode.swift; path = SpecialEffectView.swift; sourceTree = "<group>"; };
		92A1631D28A7FE3B0055A158 /* AnimationView.swift */ = {isa = PBXFileReference; lastKnownFileType = sourcecode.swift; path = AnimationView.swift; sourceTree = "<group>"; };
		92A1631F28A7FE540055A158 /* TrapezoidShape.swift */ = {isa = PBXFileReference; lastKnownFileType = sourcecode.swift; path = TrapezoidShape.swift; sourceTree = "<group>"; };
		92A1632128A8006D0055A158 /* CheckerboardShape.swift */ = {isa = PBXFileReference; lastKnownFileType = sourcecode.swift; path = CheckerboardShape.swift; sourceTree = "<group>"; };
		92A1632328A800C00055A158 /* CheckboardView.swift */ = {isa = PBXFileReference; lastKnownFileType = sourcecode.swift; path = CheckboardView.swift; sourceTree = "<group>"; };
		92A1632528A802B30055A158 /* SpirographShape.swift */ = {isa = PBXFileReference; lastKnownFileType = sourcecode.swift; path = SpirographShape.swift; sourceTree = "<group>"; };
		92A1632728A803710055A158 /* SpirographView.swift */ = {isa = PBXFileReference; lastKnownFileType = sourcecode.swift; path = SpirographView.swift; sourceTree = "<group>"; };
		92A1632928A807780055A158 /* ArrowShape.swift */ = {isa = PBXFileReference; lastKnownFileType = sourcecode.swift; path = ArrowShape.swift; sourceTree = "<group>"; };
		92A1632B28A80BA50055A158 /* ChallengeView.swift */ = {isa = PBXFileReference; lastKnownFileType = sourcecode.swift; path = ChallengeView.swift; sourceTree = "<group>"; };
		92D50B0328BB8A2D00B673E0 /* ColorCyclingRectangleView.swift */ = {isa = PBXFileReference; lastKnownFileType = sourcecode.swift; path = ColorCyclingRectangleView.swift; sourceTree = "<group>"; };
/* End PBXFileReference section */

/* Begin PBXFrameworksBuildPhase section */
		92A162F828A7EAC80055A158 /* Frameworks */ = {
			isa = PBXFrameworksBuildPhase;
			buildActionMask = 2147483647;
			files = (
			);
			runOnlyForDeploymentPostprocessing = 0;
		};
/* End PBXFrameworksBuildPhase section */

/* Begin PBXGroup section */
		92A162F228A7EAC80055A158 = {
			isa = PBXGroup;
			children = (
				92A162FD28A7EAC80055A158 /* Drawing */,
				92A162FC28A7EAC80055A158 /* Products */,
			);
			sourceTree = "<group>";
		};
		92A162FC28A7EAC80055A158 /* Products */ = {
			isa = PBXGroup;
			children = (
				92A162FB28A7EAC80055A158 /* Drawing.app */,
			);
			name = Products;
			sourceTree = "<group>";
		};
		92A162FD28A7EAC80055A158 /* Drawing */ = {
			isa = PBXGroup;
			children = (
				92A1631D28A7FE3B0055A158 /* AnimationView.swift */,
				92A1632B28A80BA50055A158 /* ChallengeView.swift */,
				92A1632328A800C00055A158 /* CheckboardView.swift */,
				92A1631928A7F8E90055A158 /* ColorCyclingCircleView.swift */,
				92D50B0328BB8A2D00B673E0 /* ColorCyclingRectangleView.swift */,
				92A162FE28A7EAC80055A158 /* DrawingApp.swift */,
				92A1631528A7F6210055A158 /* FlowerView.swift */,
				92A1631728A7F7E20055A158 /* ImagePaintView.swift */,
				92A1630E28A7F1100055A158 /* InsettableShapeView.swift */,
				92A1630028A7EAC80055A158 /* PathView.swift */,
				92A1630C28A7EE5F0055A158 /* ShapeView.swift */,
				92A1631B28A7FAE50055A158 /* SpecialEffectView.swift */,
				92A1632728A803710055A158 /* SpirographView.swift */,
				92A1631428A7F60A0055A158 /* Shape */,
				92A1630228A7EAC90055A158 /* Assets.xcassets */,
				92A1630428A7EAC90055A158 /* Preview Content */,
			);
			path = Drawing;
			sourceTree = "<group>";
		};
		92A1630428A7EAC90055A158 /* Preview Content */ = {
			isa = PBXGroup;
			children = (
				92A1630528A7EAC90055A158 /* Preview Assets.xcassets */,
			);
			path = "Preview Content";
			sourceTree = "<group>";
		};
		92A1631428A7F60A0055A158 /* Shape */ = {
			isa = PBXGroup;
			children = (
				92A1631028A7F37F0055A158 /* ArcShape.swift */,
				92A1632928A807780055A158 /* ArrowShape.swift */,
				92A1632128A8006D0055A158 /* CheckerboardShape.swift */,
				92A1631228A7F5E00055A158 /* FlowerShape.swift */,
				92A1631F28A7FE540055A158 /* TrapezoidShape.swift */,
				92A1632528A802B30055A158 /* SpirographShape.swift */,
			);
			path = Shape;
			sourceTree = "<group>";
		};
/* End PBXGroup section */

/* Begin PBXNativeTarget section */
		92A162FA28A7EAC80055A158 /* Drawing */ = {
			isa = PBXNativeTarget;
			buildConfigurationList = 92A1630928A7EAC90055A158 /* Build configuration list for PBXNativeTarget "Drawing" */;
			buildPhases = (
				92A162F728A7EAC80055A158 /* Sources */,
				92A162F828A7EAC80055A158 /* Frameworks */,
				92A162F928A7EAC80055A158 /* Resources */,
			);
			buildRules = (
			);
			dependencies = (
			);
			name = Drawing;
			productName = Drawing;
			productReference = 92A162FB28A7EAC80055A158 /* Drawing.app */;
			productType = "com.apple.product-type.application";
		};
/* End PBXNativeTarget section */

/* Begin PBXProject section */
		92A162F328A7EAC80055A158 /* Project object */ = {
			isa = PBXProject;
			attributes = {
				BuildIndependentTargetsInParallel = 1;
				LastSwiftUpdateCheck = 1400;
				LastUpgradeCheck = 1400;
				TargetAttributes = {
					92A162FA28A7EAC80055A158 = {
						CreatedOnToolsVersion = 14.0;
					};
				};
			};
			buildConfigurationList = 92A162F628A7EAC80055A158 /* Build configuration list for PBXProject "Drawing" */;
			compatibilityVersion = "Xcode 14.0";
			developmentRegion = en;
			hasScannedForEncodings = 0;
			knownRegions = (
				en,
				Base,
			);
			mainGroup = 92A162F228A7EAC80055A158;
			productRefGroup = 92A162FC28A7EAC80055A158 /* Products */;
			projectDirPath = "";
			projectRoot = "";
			targets = (
				92A162FA28A7EAC80055A158 /* Drawing */,
			);
		};
/* End PBXProject section */

/* Begin PBXResourcesBuildPhase section */
		92A162F928A7EAC80055A158 /* Resources */ = {
			isa = PBXResourcesBuildPhase;
			buildActionMask = 2147483647;
			files = (
				92A1630628A7EAC90055A158 /* Preview Assets.xcassets in Resources */,
				92A1630328A7EAC90055A158 /* Assets.xcassets in Resources */,
			);
			runOnlyForDeploymentPostprocessing = 0;
		};
/* End PBXResourcesBuildPhase section */

/* Begin PBXSourcesBuildPhase section */
		92A162F728A7EAC80055A158 /* Sources */ = {
			isa = PBXSourcesBuildPhase;
			buildActionMask = 2147483647;
			files = (
				92A1630D28A7EE5F0055A158 /* ShapeView.swift in Sources */,
				92A1631A28A7F8E90055A158 /* ColorCyclingCircleView.swift in Sources */,
				92A1632C28A80BA50055A158 /* ChallengeView.swift in Sources */,
				92A1631828A7F7E20055A158 /* ImagePaintView.swift in Sources */,
				92A1631C28A7FAE50055A158 /* SpecialEffectView.swift in Sources */,
				92A1632A28A807780055A158 /* ArrowShape.swift in Sources */,
				92A1631128A7F37F0055A158 /* ArcShape.swift in Sources */,
				92A1630128A7EAC80055A158 /* PathView.swift in Sources */,
				92A162FF28A7EAC80055A158 /* DrawingApp.swift in Sources */,
				92A1631328A7F5E00055A158 /* FlowerShape.swift in Sources */,
				92A1632228A8006D0055A158 /* CheckerboardShape.swift in Sources */,
				92A1632828A803710055A158 /* SpirographView.swift in Sources */,
				92D50B0428BB8A2D00B673E0 /* ColorCyclingRectangleView.swift in Sources */,
				92A1631E28A7FE3B0055A158 /* AnimationView.swift in Sources */,
				92A1632428A800C00055A158 /* CheckboardView.swift in Sources */,
				92A1632628A802B30055A158 /* SpirographShape.swift in Sources */,
				92A1631628A7F6210055A158 /* FlowerView.swift in Sources */,
				92A1632028A7FE540055A158 /* TrapezoidShape.swift in Sources */,
				92A1630F28A7F1100055A158 /* InsettableShapeView.swift in Sources */,
			);
			runOnlyForDeploymentPostprocessing = 0;
		};
/* End PBXSourcesBuildPhase section */

/* Begin XCBuildConfiguration section */
		92A1630728A7EAC90055A158 /* Debug */ = {
			isa = XCBuildConfiguration;
			buildSettings = {
				ALWAYS_SEARCH_USER_PATHS = NO;
				CLANG_ANALYZER_NONNULL = YES;
				CLANG_ANALYZER_NUMBER_OBJECT_CONVERSION = YES_AGGRESSIVE;
				CLANG_CXX_LANGUAGE_STANDARD = "gnu++20";
				CLANG_ENABLE_MODULES = YES;
				CLANG_ENABLE_OBJC_ARC = YES;
				CLANG_ENABLE_OBJC_WEAK = YES;
				CLANG_WARN_BLOCK_CAPTURE_AUTORELEASING = YES;
				CLANG_WARN_BOOL_CONVERSION = YES;
				CLANG_WARN_COMMA = YES;
				CLANG_WARN_CONSTANT_CONVERSION = YES;
				CLANG_WARN_DEPRECATED_OBJC_IMPLEMENTATIONS = YES;
				CLANG_WARN_DIRECT_OBJC_ISA_USAGE = YES_ERROR;
				CLANG_WARN_DOCUMENTATION_COMMENTS = YES;
				CLANG_WARN_EMPTY_BODY = YES;
				CLANG_WARN_ENUM_CONVERSION = YES;
				CLANG_WARN_INFINITE_RECURSION = YES;
				CLANG_WARN_INT_CONVERSION = YES;
				CLANG_WARN_NON_LITERAL_NULL_CONVERSION = YES;
				CLANG_WARN_OBJC_IMPLICIT_RETAIN_SELF = YES;
				CLANG_WARN_OBJC_LITERAL_CONVERSION = YES;
				CLANG_WARN_OBJC_ROOT_CLASS = YES_ERROR;
				CLANG_WARN_QUOTED_INCLUDE_IN_FRAMEWORK_HEADER = YES;
				CLANG_WARN_RANGE_LOOP_ANALYSIS = YES;
				CLANG_WARN_STRICT_PROTOTYPES = YES;
				CLANG_WARN_SUSPICIOUS_MOVE = YES;
				CLANG_WARN_UNGUARDED_AVAILABILITY = YES_AGGRESSIVE;
				CLANG_WARN_UNREACHABLE_CODE = YES;
				CLANG_WARN__DUPLICATE_METHOD_MATCH = YES;
				COPY_PHASE_STRIP = NO;
				DEBUG_INFORMATION_FORMAT = dwarf;
				ENABLE_STRICT_OBJC_MSGSEND = YES;
				ENABLE_TESTABILITY = YES;
				GCC_C_LANGUAGE_STANDARD = gnu11;
				GCC_DYNAMIC_NO_PIC = NO;
				GCC_NO_COMMON_BLOCKS = YES;
				GCC_OPTIMIZATION_LEVEL = 0;
				GCC_PREPROCESSOR_DEFINITIONS = (
					"DEBUG=1",
					"$(inherited)",
				);
				GCC_WARN_64_TO_32_BIT_CONVERSION = YES;
				GCC_WARN_ABOUT_RETURN_TYPE = YES_ERROR;
				GCC_WARN_UNDECLARED_SELECTOR = YES;
				GCC_WARN_UNINITIALIZED_AUTOS = YES_AGGRESSIVE;
				GCC_WARN_UNUSED_FUNCTION = YES;
				GCC_WARN_UNUSED_VARIABLE = YES;
				IPHONEOS_DEPLOYMENT_TARGET = 16.0;
				MTL_ENABLE_DEBUG_INFO = INCLUDE_SOURCE;
				MTL_FAST_MATH = YES;
				ONLY_ACTIVE_ARCH = YES;
				SDKROOT = iphoneos;
				SWIFT_ACTIVE_COMPILATION_CONDITIONS = DEBUG;
				SWIFT_OPTIMIZATION_LEVEL = "-Onone";
			};
			name = Debug;
		};
		92A1630828A7EAC90055A158 /* Release */ = {
			isa = XCBuildConfiguration;
			buildSettings = {
				ALWAYS_SEARCH_USER_PATHS = NO;
				CLANG_ANALYZER_NONNULL = YES;
				CLANG_ANALYZER_NUMBER_OBJECT_CONVERSION = YES_AGGRESSIVE;
				CLANG_CXX_LANGUAGE_STANDARD = "gnu++20";
				CLANG_ENABLE_MODULES = YES;
				CLANG_ENABLE_OBJC_ARC = YES;
				CLANG_ENABLE_OBJC_WEAK = YES;
				CLANG_WARN_BLOCK_CAPTURE_AUTORELEASING = YES;
				CLANG_WARN_BOOL_CONVERSION = YES;
				CLANG_WARN_COMMA = YES;
				CLANG_WARN_CONSTANT_CONVERSION = YES;
				CLANG_WARN_DEPRECATED_OBJC_IMPLEMENTATIONS = YES;
				CLANG_WARN_DIRECT_OBJC_ISA_USAGE = YES_ERROR;
				CLANG_WARN_DOCUMENTATION_COMMENTS = YES;
				CLANG_WARN_EMPTY_BODY = YES;
				CLANG_WARN_ENUM_CONVERSION = YES;
				CLANG_WARN_INFINITE_RECURSION = YES;
				CLANG_WARN_INT_CONVERSION = YES;
				CLANG_WARN_NON_LITERAL_NULL_CONVERSION = YES;
				CLANG_WARN_OBJC_IMPLICIT_RETAIN_SELF = YES;
				CLANG_WARN_OBJC_LITERAL_CONVERSION = YES;
				CLANG_WARN_OBJC_ROOT_CLASS = YES_ERROR;
				CLANG_WARN_QUOTED_INCLUDE_IN_FRAMEWORK_HEADER = YES;
				CLANG_WARN_RANGE_LOOP_ANALYSIS = YES;
				CLANG_WARN_STRICT_PROTOTYPES = YES;
				CLANG_WARN_SUSPICIOUS_MOVE = YES;
				CLANG_WARN_UNGUARDED_AVAILABILITY = YES_AGGRESSIVE;
				CLANG_WARN_UNREACHABLE_CODE = YES;
				CLANG_WARN__DUPLICATE_METHOD_MATCH = YES;
				COPY_PHASE_STRIP = NO;
				DEBUG_INFORMATION_FORMAT = "dwarf-with-dsym";
				ENABLE_NS_ASSERTIONS = NO;
				ENABLE_STRICT_OBJC_MSGSEND = YES;
				GCC_C_LANGUAGE_STANDARD = gnu11;
				GCC_NO_COMMON_BLOCKS = YES;
				GCC_WARN_64_TO_32_BIT_CONVERSION = YES;
				GCC_WARN_ABOUT_RETURN_TYPE = YES_ERROR;
				GCC_WARN_UNDECLARED_SELECTOR = YES;
				GCC_WARN_UNINITIALIZED_AUTOS = YES_AGGRESSIVE;
				GCC_WARN_UNUSED_FUNCTION = YES;
				GCC_WARN_UNUSED_VARIABLE = YES;
				IPHONEOS_DEPLOYMENT_TARGET = 16.0;
				MTL_ENABLE_DEBUG_INFO = NO;
				MTL_FAST_MATH = YES;
				SDKROOT = iphoneos;
				SWIFT_COMPILATION_MODE = wholemodule;
				SWIFT_OPTIMIZATION_LEVEL = "-O";
				VALIDATE_PRODUCT = YES;
			};
			name = Release;
		};
		92A1630A28A7EAC90055A158 /* Debug */ = {
			isa = XCBuildConfiguration;
			buildSettings = {
				ASSETCATALOG_COMPILER_APPICON_NAME = AppIcon;
				ASSETCATALOG_COMPILER_GLOBAL_ACCENT_COLOR_NAME = AccentColor;
				CODE_SIGN_STYLE = Automatic;
				CURRENT_PROJECT_VERSION = 1;
				DEVELOPMENT_ASSET_PATHS = "\"Drawing/Preview Content\"";
				ENABLE_PREVIEWS = YES;
				GENERATE_INFOPLIST_FILE = YES;
				INFOPLIST_KEY_UIApplicationSceneManifest_Generation = YES;
				INFOPLIST_KEY_UIApplicationSupportsIndirectInputEvents = YES;
				INFOPLIST_KEY_UILaunchScreen_Generation = YES;
				INFOPLIST_KEY_UISupportedInterfaceOrientations_iPad = "UIInterfaceOrientationPortrait UIInterfaceOrientationPortraitUpsideDown UIInterfaceOrientationLandscapeLeft UIInterfaceOrientationLandscapeRight";
				INFOPLIST_KEY_UISupportedInterfaceOrientations_iPhone = "UIInterfaceOrientationPortrait UIInterfaceOrientationLandscapeLeft UIInterfaceOrientationLandscapeRight";
				LD_RUNPATH_SEARCH_PATHS = (
					"$(inherited)",
					"@executable_path/Frameworks",
				);
				MARKETING_VERSION = 1.0;
				PRODUCT_BUNDLE_IDENTIFIER = berlin.lippmann.Drawing;
				PRODUCT_NAME = "$(TARGET_NAME)";
				SWIFT_EMIT_LOC_STRINGS = YES;
				SWIFT_VERSION = 5.0;
				TARGETED_DEVICE_FAMILY = "1,2";
			};
			name = Debug;
		};
		92A1630B28A7EAC90055A158 /* Release */ = {
			isa = XCBuildConfiguration;
			buildSettings = {
				ASSETCATALOG_COMPILER_APPICON_NAME = AppIcon;
				ASSETCATALOG_COMPILER_GLOBAL_ACCENT_COLOR_NAME = AccentColor;
				CODE_SIGN_STYLE = Automatic;
				CURRENT_PROJECT_VERSION = 1;
				DEVELOPMENT_ASSET_PATHS = "\"Drawing/Preview Content\"";
				ENABLE_PREVIEWS = YES;
				GENERATE_INFOPLIST_FILE = YES;
				INFOPLIST_KEY_UIApplicationSceneManifest_Generation = YES;
				INFOPLIST_KEY_UIApplicationSupportsIndirectInputEvents = YES;
				INFOPLIST_KEY_UILaunchScreen_Generation = YES;
				INFOPLIST_KEY_UISupportedInterfaceOrientations_iPad = "UIInterfaceOrientationPortrait UIInterfaceOrientationPortraitUpsideDown UIInterfaceOrientationLandscapeLeft UIInterfaceOrientationLandscapeRight";
				INFOPLIST_KEY_UISupportedInterfaceOrientations_iPhone = "UIInterfaceOrientationPortrait UIInterfaceOrientationLandscapeLeft UIInterfaceOrientationLandscapeRight";
				LD_RUNPATH_SEARCH_PATHS = (
					"$(inherited)",
					"@executable_path/Frameworks",
				);
				MARKETING_VERSION = 1.0;
				PRODUCT_BUNDLE_IDENTIFIER = berlin.lippmann.Drawing;
				PRODUCT_NAME = "$(TARGET_NAME)";
				SWIFT_EMIT_LOC_STRINGS = YES;
				SWIFT_VERSION = 5.0;
				TARGETED_DEVICE_FAMILY = "1,2";
			};
			name = Release;
		};
/* End XCBuildConfiguration section */

/* Begin XCConfigurationList section */
		92A162F628A7EAC80055A158 /* Build configuration list for PBXProject "Drawing" */ = {
			isa = XCConfigurationList;
			buildConfigurations = (
				92A1630728A7EAC90055A158 /* Debug */,
				92A1630828A7EAC90055A158 /* Release */,
			);
			defaultConfigurationIsVisible = 0;
			defaultConfigurationName = Release;
		};
		92A1630928A7EAC90055A158 /* Build configuration list for PBXNativeTarget "Drawing" */ = {
			isa = XCConfigurationList;
			buildConfigurations = (
				92A1630A28A7EAC90055A158 /* Debug */,
				92A1630B28A7EAC90055A158 /* Release */,
			);
			defaultConfigurationIsVisible = 0;
			defaultConfigurationName = Release;
		};
/* End XCConfigurationList section */
	};
	rootObject = 92A162F328A7EAC80055A158 /* Project object */;
}
