// !$*UTF8*$!
{
	archiveVersion = 1;
	classes = {
	};
	objectVersion = 56;
	objects = {

/* Begin PBXBuildFile section */
		9201EF1A28A118B100F50722 /* MissionView.swift in Sources */ = {isa = PBXBuildFile; fileRef = 9201EF1928A118B100F50722 /* MissionView.swift */; };
		9201EF1C28A1213F00F50722 /* AstronautView.swift in Sources */ = {isa = PBXBuildFile; fileRef = 9201EF1B28A1213F00F50722 /* AstronautView.swift */; };
		9201EF2928A125CB00F50722 /* missions.json in Resources */ = {isa = PBXBuildFile; fileRef = 9201EF2728A125CB00F50722 /* missions.json */; };
		9201EF2A28A125CB00F50722 /* astronauts.json in Resources */ = {isa = PBXBuildFile; fileRef = 9201EF2828A125CB00F50722 /* astronauts.json */; };
		9201EF2C28A1261D00F50722 /* DividerView.swift in Sources */ = {isa = PBXBuildFile; fileRef = 9201EF2B28A1261D00F50722 /* DividerView.swift */; };
		9201EF2E28A129DD00F50722 /* CrewScrollView.swift in Sources */ = {isa = PBXBuildFile; fileRef = 9201EF2D28A129DD00F50722 /* CrewScrollView.swift */; };
		9201EF3028A12A5600F50722 /* CrewMember.swift in Sources */ = {isa = PBXBuildFile; fileRef = 9201EF2F28A12A5600F50722 /* CrewMember.swift */; };
		9201EF3228A132F900F50722 /* GridView.swift in Sources */ = {isa = PBXBuildFile; fileRef = 9201EF3128A132F900F50722 /* GridView.swift */; };
		9201EF3428A1343D00F50722 /* ListView.swift in Sources */ = {isa = PBXBuildFile; fileRef = 9201EF3328A1343D00F50722 /* ListView.swift */; };
		9235E03428A250710024DD9F /* HeadlineModifier.swift in Sources */ = {isa = PBXBuildFile; fileRef = 9235E03328A250710024DD9F /* HeadlineModifier.swift */; };
		92680B9A289D30AA00528789 /* MoonshotApp.swift in Sources */ = {isa = PBXBuildFile; fileRef = 92680B99289D30AA00528789 /* MoonshotApp.swift */; };
		92680B9C289D30AA00528789 /* GeometryReaderView.swift in Sources */ = {isa = PBXBuildFile; fileRef = 92680B9B289D30AA00528789 /* GeometryReaderView.swift */; };
		92680B9E289D30AB00528789 /* Assets.xcassets in Resources */ = {isa = PBXBuildFile; fileRef = 92680B9D289D30AB00528789 /* Assets.xcassets */; };
		92680BA1289D30AB00528789 /* Preview Assets.xcassets in Resources */ = {isa = PBXBuildFile; fileRef = 92680BA0289D30AB00528789 /* Preview Assets.xcassets */; };
		92680BAA289D33FD00528789 /* ScrollViewView.swift in Sources */ = {isa = PBXBuildFile; fileRef = 92680BA9289D33FD00528789 /* ScrollViewView.swift */; };
		92680BAC289D37EB00528789 /* NavigationLinkView.swift in Sources */ = {isa = PBXBuildFile; fileRef = 92680BAB289D37EB00528789 /* NavigationLinkView.swift */; };
		92680BAE289D396300528789 /* CodableView.swift in Sources */ = {isa = PBXBuildFile; fileRef = 92680BAD289D396300528789 /* CodableView.swift */; };
		92680BB0289D3B0000528789 /* ScrollingGridView.swift in Sources */ = {isa = PBXBuildFile; fileRef = 92680BAF289D3B0000528789 /* ScrollingGridView.swift */; };
		92680BB3289D3CE200528789 /* ContentView.swift in Sources */ = {isa = PBXBuildFile; fileRef = 92680BB2289D3CE200528789 /* ContentView.swift */; };
		92680BB9289D3DEF00528789 /* Astronaut.swift in Sources */ = {isa = PBXBuildFile; fileRef = 92680BB8289D3DEF00528789 /* Astronaut.swift */; };
		92680BBB289D3E4600528789 /* Bundle+Decodable.swift in Sources */ = {isa = PBXBuildFile; fileRef = 92680BBA289D3E4600528789 /* Bundle+Decodable.swift */; };
		92680BBD289D3FBC00528789 /* Mission.swift in Sources */ = {isa = PBXBuildFile; fileRef = 92680BBC289D3FBC00528789 /* Mission.swift */; };
		92680BBF289D47D800528789 /* Color+Theme.swift in Sources */ = {isa = PBXBuildFile; fileRef = 92680BBE289D47D700528789 /* Color+Theme.swift */; };
/* End PBXBuildFile section */

/* Begin PBXFileReference section */
		9201EF1928A118B100F50722 /* MissionView.swift */ = {isa = PBXFileReference; lastKnownFileType = sourcecode.swift; path = MissionView.swift; sourceTree = "<group>"; };
		9201EF1B28A1213F00F50722 /* AstronautView.swift */ = {isa = PBXFileReference; lastKnownFileType = sourcecode.swift; path = AstronautView.swift; sourceTree = "<group>"; };
		9201EF2728A125CB00F50722 /* missions.json */ = {isa = PBXFileReference; fileEncoding = 4; lastKnownFileType = text.json; path = missions.json; sourceTree = "<group>"; };
		9201EF2828A125CB00F50722 /* astronauts.json */ = {isa = PBXFileReference; fileEncoding = 4; lastKnownFileType = text.json; path = astronauts.json; sourceTree = "<group>"; };
		9201EF2B28A1261D00F50722 /* DividerView.swift */ = {isa = PBXFileReference; lastKnownFileType = sourcecode.swift; path = DividerView.swift; sourceTree = "<group>"; };
		9201EF2D28A129DD00F50722 /* CrewScrollView.swift */ = {isa = PBXFileReference; lastKnownFileType = sourcecode.swift; path = CrewScrollView.swift; sourceTree = "<group>"; };
		9201EF2F28A12A5600F50722 /* CrewMember.swift */ = {isa = PBXFileReference; lastKnownFileType = sourcecode.swift; path = CrewMember.swift; sourceTree = "<group>"; };
		9201EF3128A132F900F50722 /* GridView.swift */ = {isa = PBXFileReference; lastKnownFileType = sourcecode.swift; path = GridView.swift; sourceTree = "<group>"; };
		9201EF3328A1343D00F50722 /* ListView.swift */ = {isa = PBXFileReference; lastKnownFileType = sourcecode.swift; path = ListView.swift; sourceTree = "<group>"; };
		9235E03328A250710024DD9F /* HeadlineModifier.swift */ = {isa = PBXFileReference; lastKnownFileType = sourcecode.swift; path = HeadlineModifier.swift; sourceTree = "<group>"; };
		92680B96289D30AA00528789 /* Moonshot.app */ = {isa = PBXFileReference; explicitFileType = wrapper.application; includeInIndex = 0; path = Moonshot.app; sourceTree = BUILT_PRODUCTS_DIR; };
		92680B99289D30AA00528789 /* MoonshotApp.swift */ = {isa = PBXFileReference; lastKnownFileType = sourcecode.swift; path = MoonshotApp.swift; sourceTree = "<group>"; };
		92680B9B289D30AA00528789 /* GeometryReaderView.swift */ = {isa = PBXFileReference; lastKnownFileType = sourcecode.swift; path = GeometryReaderView.swift; sourceTree = "<group>"; };
		92680B9D289D30AB00528789 /* Assets.xcassets */ = {isa = PBXFileReference; lastKnownFileType = folder.assetcatalog; path = Assets.xcassets; sourceTree = "<group>"; };
		92680BA0289D30AB00528789 /* Preview Assets.xcassets */ = {isa = PBXFileReference; lastKnownFileType = folder.assetcatalog; path = "Preview Assets.xcassets"; sourceTree = "<group>"; };
		92680BA9289D33FD00528789 /* ScrollViewView.swift */ = {isa = PBXFileReference; lastKnownFileType = sourcecode.swift; path = ScrollViewView.swift; sourceTree = "<group>"; };
		92680BAB289D37EB00528789 /* NavigationLinkView.swift */ = {isa = PBXFileReference; lastKnownFileType = sourcecode.swift; path = NavigationLinkView.swift; sourceTree = "<group>"; };
		92680BAD289D396300528789 /* CodableView.swift */ = {isa = PBXFileReference; lastKnownFileType = sourcecode.swift; path = CodableView.swift; sourceTree = "<group>"; };
		92680BAF289D3B0000528789 /* ScrollingGridView.swift */ = {isa = PBXFileReference; lastKnownFileType = sourcecode.swift; path = ScrollingGridView.swift; sourceTree = "<group>"; };
		92680BB2289D3CE200528789 /* ContentView.swift */ = {isa = PBXFileReference; lastKnownFileType = sourcecode.swift; path = ContentView.swift; sourceTree = "<group>"; };
		92680BB8289D3DEF00528789 /* Astronaut.swift */ = {isa = PBXFileReference; lastKnownFileType = sourcecode.swift; path = Astronaut.swift; sourceTree = "<group>"; };
		92680BBA289D3E4600528789 /* Bundle+Decodable.swift */ = {isa = PBXFileReference; lastKnownFileType = sourcecode.swift; path = "Bundle+Decodable.swift"; sourceTree = "<group>"; };
		92680BBC289D3FBC00528789 /* Mission.swift */ = {isa = PBXFileReference; lastKnownFileType = sourcecode.swift; path = Mission.swift; sourceTree = "<group>"; };
		92680BBE289D47D700528789 /* Color+Theme.swift */ = {isa = PBXFileReference; lastKnownFileType = sourcecode.swift; path = "Color+Theme.swift"; sourceTree = "<group>"; };
/* End PBXFileReference section */

/* Begin PBXFrameworksBuildPhase section */
		92680B93289D30AA00528789 /* Frameworks */ = {
			isa = PBXFrameworksBuildPhase;
			buildActionMask = 2147483647;
			files = (
			);
			runOnlyForDeploymentPostprocessing = 0;
		};
/* End PBXFrameworksBuildPhase section */

/* Begin PBXGroup section */
		9201EF1D28A1257100F50722 /* View */ = {
			isa = PBXGroup;
			children = (
				92680BB2289D3CE200528789 /* ContentView.swift */,
				9201EF1928A118B100F50722 /* MissionView.swift */,
				9201EF1B28A1213F00F50722 /* AstronautView.swift */,
				9201EF2B28A1261D00F50722 /* DividerView.swift */,
				9201EF2D28A129DD00F50722 /* CrewScrollView.swift */,
				9201EF3328A1343D00F50722 /* ListView.swift */,
				9201EF3128A132F900F50722 /* GridView.swift */,
			);
			path = View;
			sourceTree = "<group>";
		};
		9201EF1E28A1258100F50722 /* Model */ = {
			isa = PBXGroup;
			children = (
				92680BB8289D3DEF00528789 /* Astronaut.swift */,
				92680BBC289D3FBC00528789 /* Mission.swift */,
				9201EF2F28A12A5600F50722 /* CrewMember.swift */,
			);
			path = Model;
			sourceTree = "<group>";
		};
		9201EF1F28A1258C00F50722 /* Extension */ = {
			isa = PBXGroup;
			children = (
				92680BBE289D47D700528789 /* Color+Theme.swift */,
				92680BBA289D3E4600528789 /* Bundle+Decodable.swift */,
			);
			path = Extension;
			sourceTree = "<group>";
		};
		9201EF2628A125CB00F50722 /* Ressource */ = {
			isa = PBXGroup;
			children = (
				9201EF2728A125CB00F50722 /* missions.json */,
				9201EF2828A125CB00F50722 /* astronauts.json */,
			);
			path = Ressource;
			sourceTree = "<group>";
		};
		9235E03528A250920024DD9F /* ViewModifier */ = {
			isa = PBXGroup;
			children = (
				9235E03328A250710024DD9F /* HeadlineModifier.swift */,
			);
			path = ViewModifier;
			sourceTree = "<group>";
		};
		92680B8D289D30AA00528789 = {
			isa = PBXGroup;
			children = (
				92680B98289D30AA00528789 /* Moonshot */,
				92680B97289D30AA00528789 /* Products */,
			);
			sourceTree = "<group>";
		};
		92680B97289D30AA00528789 /* Products */ = {
			isa = PBXGroup;
			children = (
				92680B96289D30AA00528789 /* Moonshot.app */,
			);
			name = Products;
			sourceTree = "<group>";
		};
		92680B98289D30AA00528789 /* Moonshot */ = {
			isa = PBXGroup;
			children = (
				92680B99289D30AA00528789 /* MoonshotApp.swift */,
				9201EF1D28A1257100F50722 /* View */,
				9235E03528A250920024DD9F /* ViewModifier */,
				9201EF1F28A1258C00F50722 /* Extension */,
				9201EF1E28A1258100F50722 /* Model */,
				9201EF2628A125CB00F50722 /* Ressource */,
				92680BB1289D3CD000528789 /* Preperations */,
				92680B9D289D30AB00528789 /* Assets.xcassets */,
				92680B9F289D30AB00528789 /* Preview Content */,
			);
			path = Moonshot;
			sourceTree = "<group>";
		};
		92680B9F289D30AB00528789 /* Preview Content */ = {
			isa = PBXGroup;
			children = (
				92680BA0289D30AB00528789 /* Preview Assets.xcassets */,
			);
			path = "Preview Content";
			sourceTree = "<group>";
		};
		92680BB1289D3CD000528789 /* Preperations */ = {
			isa = PBXGroup;
			children = (
				92680B9B289D30AA00528789 /* GeometryReaderView.swift */,
				92680BA9289D33FD00528789 /* ScrollViewView.swift */,
				92680BAB289D37EB00528789 /* NavigationLinkView.swift */,
				92680BAD289D396300528789 /* CodableView.swift */,
				92680BAF289D3B0000528789 /* ScrollingGridView.swift */,
			);
			path = Preperations;
			sourceTree = "<group>";
		};
/* End PBXGroup section */

/* Begin PBXNativeTarget section */
		92680B95289D30AA00528789 /* Moonshot */ = {
			isa = PBXNativeTarget;
			buildConfigurationList = 92680BA4289D30AB00528789 /* Build configuration list for PBXNativeTarget "Moonshot" */;
			buildPhases = (
				92680B92289D30AA00528789 /* Sources */,
				92680B93289D30AA00528789 /* Frameworks */,
				92680B94289D30AA00528789 /* Resources */,
			);
			buildRules = (
			);
			dependencies = (
			);
			name = Moonshot;
			productName = Moonshot;
			productReference = 92680B96289D30AA00528789 /* Moonshot.app */;
			productType = "com.apple.product-type.application";
		};
/* End PBXNativeTarget section */

/* Begin PBXProject section */
		92680B8E289D30AA00528789 /* Project object */ = {
			isa = PBXProject;
			attributes = {
				BuildIndependentTargetsInParallel = 1;
				LastSwiftUpdateCheck = 1400;
				LastUpgradeCheck = 1400;
				TargetAttributes = {
					92680B95289D30AA00528789 = {
						CreatedOnToolsVersion = 14.0;
					};
				};
			};
			buildConfigurationList = 92680B91289D30AA00528789 /* Build configuration list for PBXProject "Moonshot" */;
			compatibilityVersion = "Xcode 14.0";
			developmentRegion = en;
			hasScannedForEncodings = 0;
			knownRegions = (
				en,
				Base,
			);
			mainGroup = 92680B8D289D30AA00528789;
			productRefGroup = 92680B97289D30AA00528789 /* Products */;
			projectDirPath = "";
			projectRoot = "";
			targets = (
				92680B95289D30AA00528789 /* Moonshot */,
			);
		};
/* End PBXProject section */

/* Begin PBXResourcesBuildPhase section */
		92680B94289D30AA00528789 /* Resources */ = {
			isa = PBXResourcesBuildPhase;
			buildActionMask = 2147483647;
			files = (
				9201EF2928A125CB00F50722 /* missions.json in Resources */,
				92680BA1289D30AB00528789 /* Preview Assets.xcassets in Resources */,
				9201EF2A28A125CB00F50722 /* astronauts.json in Resources */,
				92680B9E289D30AB00528789 /* Assets.xcassets in Resources */,
			);
			runOnlyForDeploymentPostprocessing = 0;
		};
/* End PBXResourcesBuildPhase section */

/* Begin PBXSourcesBuildPhase section */
		92680B92289D30AA00528789 /* Sources */ = {
			isa = PBXSourcesBuildPhase;
			buildActionMask = 2147483647;
			files = (
				92680BAC289D37EB00528789 /* NavigationLinkView.swift in Sources */,
				92680B9C289D30AA00528789 /* GeometryReaderView.swift in Sources */,
				9201EF2C28A1261D00F50722 /* DividerView.swift in Sources */,
				9201EF2E28A129DD00F50722 /* CrewScrollView.swift in Sources */,
				9201EF3028A12A5600F50722 /* CrewMember.swift in Sources */,
				9235E03428A250710024DD9F /* HeadlineModifier.swift in Sources */,
				92680BB3289D3CE200528789 /* ContentView.swift in Sources */,
				92680BBF289D47D800528789 /* Color+Theme.swift in Sources */,
				92680BB9289D3DEF00528789 /* Astronaut.swift in Sources */,
				9201EF3428A1343D00F50722 /* ListView.swift in Sources */,
				9201EF1A28A118B100F50722 /* MissionView.swift in Sources */,
				92680B9A289D30AA00528789 /* MoonshotApp.swift in Sources */,
				9201EF3228A132F900F50722 /* GridView.swift in Sources */,
				92680BAE289D396300528789 /* CodableView.swift in Sources */,
				92680BB0289D3B0000528789 /* ScrollingGridView.swift in Sources */,
				9201EF1C28A1213F00F50722 /* AstronautView.swift in Sources */,
				92680BBB289D3E4600528789 /* Bundle+Decodable.swift in Sources */,
				92680BBD289D3FBC00528789 /* Mission.swift in Sources */,
				92680BAA289D33FD00528789 /* ScrollViewView.swift in Sources */,
			);
			runOnlyForDeploymentPostprocessing = 0;
		};
/* End PBXSourcesBuildPhase section */

/* Begin XCBuildConfiguration section */
		92680BA2289D30AB00528789 /* Debug */ = {
			isa = XCBuildConfiguration;
			buildSettings = {
				ALWAYS_SEARCH_USER_PATHS = NO;
				CLANG_ANALYZER_NONNULL = YES;
				CLANG_ANALYZER_NUMBER_OBJECT_CONVERSION = YES_AGGRESSIVE;
				CLANG_CXX_LANGUAGE_STANDARD = "gnu++20";
				CLANG_ENABLE_MODULES = YES;
				CLANG_ENABLE_OBJC_ARC = YES;
				CLANG_ENABLE_OBJC_WEAK = YES;
				CLANG_WARN_BLOCK_CAPTURE_AUTORELEASING = YES;
				CLANG_WARN_BOOL_CONVERSION = YES;
				CLANG_WARN_COMMA = YES;
				CLANG_WARN_CONSTANT_CONVERSION = YES;
				CLANG_WARN_DEPRECATED_OBJC_IMPLEMENTATIONS = YES;
				CLANG_WARN_DIRECT_OBJC_ISA_USAGE = YES_ERROR;
				CLANG_WARN_DOCUMENTATION_COMMENTS = YES;
				CLANG_WARN_EMPTY_BODY = YES;
				CLANG_WARN_ENUM_CONVERSION = YES;
				CLANG_WARN_INFINITE_RECURSION = YES;
				CLANG_WARN_INT_CONVERSION = YES;
				CLANG_WARN_NON_LITERAL_NULL_CONVERSION = YES;
				CLANG_WARN_OBJC_IMPLICIT_RETAIN_SELF = YES;
				CLANG_WARN_OBJC_LITERAL_CONVERSION = YES;
				CLANG_WARN_OBJC_ROOT_CLASS = YES_ERROR;
				CLANG_WARN_QUOTED_INCLUDE_IN_FRAMEWORK_HEADER = YES;
				CLANG_WARN_RANGE_LOOP_ANALYSIS = YES;
				CLANG_WARN_STRICT_PROTOTYPES = YES;
				CLANG_WARN_SUSPICIOUS_MOVE = YES;
				CLANG_WARN_UNGUARDED_AVAILABILITY = YES_AGGRESSIVE;
				CLANG_WARN_UNREACHABLE_CODE = YES;
				CLANG_WARN__DUPLICATE_METHOD_MATCH = YES;
				COPY_PHASE_STRIP = NO;
				DEBUG_INFORMATION_FORMAT = dwarf;
				ENABLE_STRICT_OBJC_MSGSEND = YES;
				ENABLE_TESTABILITY = YES;
				GCC_C_LANGUAGE_STANDARD = gnu11;
				GCC_DYNAMIC_NO_PIC = NO;
				GCC_NO_COMMON_BLOCKS = YES;
				GCC_OPTIMIZATION_LEVEL = 0;
				GCC_PREPROCESSOR_DEFINITIONS = (
					"DEBUG=1",
					"$(inherited)",
				);
				GCC_WARN_64_TO_32_BIT_CONVERSION = YES;
				GCC_WARN_ABOUT_RETURN_TYPE = YES_ERROR;
				GCC_WARN_UNDECLARED_SELECTOR = YES;
				GCC_WARN_UNINITIALIZED_AUTOS = YES_AGGRESSIVE;
				GCC_WARN_UNUSED_FUNCTION = YES;
				GCC_WARN_UNUSED_VARIABLE = YES;
				IPHONEOS_DEPLOYMENT_TARGET = 16.0;
				MTL_ENABLE_DEBUG_INFO = INCLUDE_SOURCE;
				MTL_FAST_MATH = YES;
				ONLY_ACTIVE_ARCH = YES;
				SDKROOT = iphoneos;
				SWIFT_ACTIVE_COMPILATION_CONDITIONS = DEBUG;
				SWIFT_OPTIMIZATION_LEVEL = "-Onone";
			};
			name = Debug;
		};
		92680BA3289D30AB00528789 /* Release */ = {
			isa = XCBuildConfiguration;
			buildSettings = {
				ALWAYS_SEARCH_USER_PATHS = NO;
				CLANG_ANALYZER_NONNULL = YES;
				CLANG_ANALYZER_NUMBER_OBJECT_CONVERSION = YES_AGGRESSIVE;
				CLANG_CXX_LANGUAGE_STANDARD = "gnu++20";
				CLANG_ENABLE_MODULES = YES;
				CLANG_ENABLE_OBJC_ARC = YES;
				CLANG_ENABLE_OBJC_WEAK = YES;
				CLANG_WARN_BLOCK_CAPTURE_AUTORELEASING = YES;
				CLANG_WARN_BOOL_CONVERSION = YES;
				CLANG_WARN_COMMA = YES;
				CLANG_WARN_CONSTANT_CONVERSION = YES;
				CLANG_WARN_DEPRECATED_OBJC_IMPLEMENTATIONS = YES;
				CLANG_WARN_DIRECT_OBJC_ISA_USAGE = YES_ERROR;
				CLANG_WARN_DOCUMENTATION_COMMENTS = YES;
				CLANG_WARN_EMPTY_BODY = YES;
				CLANG_WARN_ENUM_CONVERSION = YES;
				CLANG_WARN_INFINITE_RECURSION = YES;
				CLANG_WARN_INT_CONVERSION = YES;
				CLANG_WARN_NON_LITERAL_NULL_CONVERSION = YES;
				CLANG_WARN_OBJC_IMPLICIT_RETAIN_SELF = YES;
				CLANG_WARN_OBJC_LITERAL_CONVERSION = YES;
				CLANG_WARN_OBJC_ROOT_CLASS = YES_ERROR;
				CLANG_WARN_QUOTED_INCLUDE_IN_FRAMEWORK_HEADER = YES;
				CLANG_WARN_RANGE_LOOP_ANALYSIS = YES;
				CLANG_WARN_STRICT_PROTOTYPES = YES;
				CLANG_WARN_SUSPICIOUS_MOVE = YES;
				CLANG_WARN_UNGUARDED_AVAILABILITY = YES_AGGRESSIVE;
				CLANG_WARN_UNREACHABLE_CODE = YES;
				CLANG_WARN__DUPLICATE_METHOD_MATCH = YES;
				COPY_PHASE_STRIP = NO;
				DEBUG_INFORMATION_FORMAT = "dwarf-with-dsym";
				ENABLE_NS_ASSERTIONS = NO;
				ENABLE_STRICT_OBJC_MSGSEND = YES;
				GCC_C_LANGUAGE_STANDARD = gnu11;
				GCC_NO_COMMON_BLOCKS = YES;
				GCC_WARN_64_TO_32_BIT_CONVERSION = YES;
				GCC_WARN_ABOUT_RETURN_TYPE = YES_ERROR;
				GCC_WARN_UNDECLARED_SELECTOR = YES;
				GCC_WARN_UNINITIALIZED_AUTOS = YES_AGGRESSIVE;
				GCC_WARN_UNUSED_FUNCTION = YES;
				GCC_WARN_UNUSED_VARIABLE = YES;
				IPHONEOS_DEPLOYMENT_TARGET = 16.0;
				MTL_ENABLE_DEBUG_INFO = NO;
				MTL_FAST_MATH = YES;
				SDKROOT = iphoneos;
				SWIFT_COMPILATION_MODE = wholemodule;
				SWIFT_OPTIMIZATION_LEVEL = "-O";
				VALIDATE_PRODUCT = YES;
			};
			name = Release;
		};
		92680BA5289D30AB00528789 /* Debug */ = {
			isa = XCBuildConfiguration;
			buildSettings = {
				ASSETCATALOG_COMPILER_APPICON_NAME = AppIcon;
				ASSETCATALOG_COMPILER_GLOBAL_ACCENT_COLOR_NAME = AccentColor;
				CODE_SIGN_STYLE = Automatic;
				CURRENT_PROJECT_VERSION = 1;
				DEVELOPMENT_ASSET_PATHS = "\"Moonshot/Preview Content\"";
				ENABLE_PREVIEWS = YES;
				GENERATE_INFOPLIST_FILE = YES;
				INFOPLIST_KEY_UIApplicationSceneManifest_Generation = YES;
				INFOPLIST_KEY_UIApplicationSupportsIndirectInputEvents = YES;
				INFOPLIST_KEY_UILaunchScreen_Generation = YES;
				INFOPLIST_KEY_UISupportedInterfaceOrientations_iPad = "UIInterfaceOrientationPortrait UIInterfaceOrientationPortraitUpsideDown UIInterfaceOrientationLandscapeLeft UIInterfaceOrientationLandscapeRight";
				INFOPLIST_KEY_UISupportedInterfaceOrientations_iPhone = "UIInterfaceOrientationPortrait UIInterfaceOrientationLandscapeLeft UIInterfaceOrientationLandscapeRight";
				LD_RUNPATH_SEARCH_PATHS = (
					"$(inherited)",
					"@executable_path/Frameworks",
				);
				MARKETING_VERSION = 1.0;
				PRODUCT_BUNDLE_IDENTIFIER = berlin.lippmann.Moonshot;
				PRODUCT_NAME = "$(TARGET_NAME)";
				SWIFT_EMIT_LOC_STRINGS = YES;
				SWIFT_VERSION = 5.0;
				TARGETED_DEVICE_FAMILY = "1,2";
			};
			name = Debug;
		};
		92680BA6289D30AB00528789 /* Release */ = {
			isa = XCBuildConfiguration;
			buildSettings = {
				ASSETCATALOG_COMPILER_APPICON_NAME = AppIcon;
				ASSETCATALOG_COMPILER_GLOBAL_ACCENT_COLOR_NAME = AccentColor;
				CODE_SIGN_STYLE = Automatic;
				CURRENT_PROJECT_VERSION = 1;
				DEVELOPMENT_ASSET_PATHS = "\"Moonshot/Preview Content\"";
				ENABLE_PREVIEWS = YES;
				GENERATE_INFOPLIST_FILE = YES;
				INFOPLIST_KEY_UIApplicationSceneManifest_Generation = YES;
				INFOPLIST_KEY_UIApplicationSupportsIndirectInputEvents = YES;
				INFOPLIST_KEY_UILaunchScreen_Generation = YES;
				INFOPLIST_KEY_UISupportedInterfaceOrientations_iPad = "UIInterfaceOrientationPortrait UIInterfaceOrientationPortraitUpsideDown UIInterfaceOrientationLandscapeLeft UIInterfaceOrientationLandscapeRight";
				INFOPLIST_KEY_UISupportedInterfaceOrientations_iPhone = "UIInterfaceOrientationPortrait UIInterfaceOrientationLandscapeLeft UIInterfaceOrientationLandscapeRight";
				LD_RUNPATH_SEARCH_PATHS = (
					"$(inherited)",
					"@executable_path/Frameworks",
				);
				MARKETING_VERSION = 1.0;
				PRODUCT_BUNDLE_IDENTIFIER = berlin.lippmann.Moonshot;
				PRODUCT_NAME = "$(TARGET_NAME)";
				SWIFT_EMIT_LOC_STRINGS = YES;
				SWIFT_VERSION = 5.0;
				TARGETED_DEVICE_FAMILY = "1,2";
			};
			name = Release;
		};
/* End XCBuildConfiguration section */

/* Begin XCConfigurationList section */
		92680B91289D30AA00528789 /* Build configuration list for PBXProject "Moonshot" */ = {
			isa = XCConfigurationList;
			buildConfigurations = (
				92680BA2289D30AB00528789 /* Debug */,
				92680BA3289D30AB00528789 /* Release */,
			);
			defaultConfigurationIsVisible = 0;
			defaultConfigurationName = Release;
		};
		92680BA4289D30AB00528789 /* Build configuration list for PBXNativeTarget "Moonshot" */ = {
			isa = XCConfigurationList;
			buildConfigurations = (
				92680BA5289D30AB00528789 /* Debug */,
				92680BA6289D30AB00528789 /* Release */,
			);
			defaultConfigurationIsVisible = 0;
			defaultConfigurationName = Release;
		};
/* End XCConfigurationList section */
	};
	rootObject = 92680B8E289D30AA00528789 /* Project object */;
}
